// !$*UTF8*$!
{
	archiveVersion = 1;
	classes = {
	};
	objectVersion = 46;
	objects = {

/* Begin PBXBuildFile section */
		0002D24A1916324B001FDED8 /* Foundation.framework in Frameworks */ = {isa = PBXBuildFile; fileRef = 0002D2491916324B001FDED8 /* Foundation.framework */; };
		0002D24C1916324B001FDED8 /* CoreGraphics.framework in Frameworks */ = {isa = PBXBuildFile; fileRef = 0002D24B1916324B001FDED8 /* CoreGraphics.framework */; };
		0002D24E1916324B001FDED8 /* UIKit.framework in Frameworks */ = {isa = PBXBuildFile; fileRef = 0002D24D1916324B001FDED8 /* UIKit.framework */; };
		0002D2541916324B001FDED8 /* InfoPlist.strings in Resources */ = {isa = PBXBuildFile; fileRef = 0002D2521916324B001FDED8 /* InfoPlist.strings */; };
		0002D2561916324B001FDED8 /* main.m in Sources */ = {isa = PBXBuildFile; fileRef = 0002D2551916324B001FDED8 /* main.m */; };
		0002D25A1916324B001FDED8 /* AppDelegate.m in Sources */ = {isa = PBXBuildFile; fileRef = 0002D2591916324B001FDED8 /* AppDelegate.m */; };
		0002D2691916324B001FDED8 /* XCTest.framework in Frameworks */ = {isa = PBXBuildFile; fileRef = 0002D2681916324B001FDED8 /* XCTest.framework */; };
		0002D26A1916324B001FDED8 /* Foundation.framework in Frameworks */ = {isa = PBXBuildFile; fileRef = 0002D2491916324B001FDED8 /* Foundation.framework */; };
		0002D26B1916324B001FDED8 /* UIKit.framework in Frameworks */ = {isa = PBXBuildFile; fileRef = 0002D24D1916324B001FDED8 /* UIKit.framework */; };
		0002D2B219163DF6001FDED8 /* RECommonFunctions.m in Sources */ = {isa = PBXBuildFile; fileRef = 0002D2A719163DF6001FDED8 /* RECommonFunctions.m */; };
		0002D2B319163DF6001FDED8 /* REFrostedContainerViewController.m in Sources */ = {isa = PBXBuildFile; fileRef = 0002D2A919163DF6001FDED8 /* REFrostedContainerViewController.m */; };
		0002D2B419163DF6001FDED8 /* REFrostedViewController.m in Sources */ = {isa = PBXBuildFile; fileRef = 0002D2AB19163DF6001FDED8 /* REFrostedViewController.m */; };
		0002D2B519163DF6001FDED8 /* UIImage+REFrostedViewController.m in Sources */ = {isa = PBXBuildFile; fileRef = 0002D2AD19163DF6001FDED8 /* UIImage+REFrostedViewController.m */; };
		0002D2B619163DF6001FDED8 /* UIView+REFrostedViewController.m in Sources */ = {isa = PBXBuildFile; fileRef = 0002D2AF19163DF6001FDED8 /* UIView+REFrostedViewController.m */; };
		0002D2B719163DF6001FDED8 /* UIViewController+REFrostedViewController.m in Sources */ = {isa = PBXBuildFile; fileRef = 0002D2B119163DF6001FDED8 /* UIViewController+REFrostedViewController.m */; };
		0002D2BB191640B4001FDED8 /* HomeViewController.m in Sources */ = {isa = PBXBuildFile; fileRef = 0002D2BA191640B4001FDED8 /* HomeViewController.m */; };
		0002D2BE19164716001FDED8 /* MenuViewController.m in Sources */ = {isa = PBXBuildFile; fileRef = 0002D2BD19164716001FDED8 /* MenuViewController.m */; };
		0002D2C119164B02001FDED8 /* NavigationController.m in Sources */ = {isa = PBXBuildFile; fileRef = 0002D2C019164B02001FDED8 /* NavigationController.m */; };
		0002D2D719188953001FDED8 /* Images.xcassets in Resources */ = {isa = PBXBuildFile; fileRef = 0002D2D619188953001FDED8 /* Images.xcassets */; };
		0002D2E119188B4E001FDED8 /* avatar@2x.jpg in Resources */ = {isa = PBXBuildFile; fileRef = 0002D2DE19188B4E001FDED8 /* avatar@2x.jpg */; };
		0002D2E219188B4E001FDED8 /* three_lines.png in Resources */ = {isa = PBXBuildFile; fileRef = 0002D2DF19188B4E001FDED8 /* three_lines.png */; };
		0002D2E319188B4E001FDED8 /* three_lines@2x.png in Resources */ = {isa = PBXBuildFile; fileRef = 0002D2E019188B4E001FDED8 /* three_lines@2x.png */; };
		0002D2E519188B8A001FDED8 /* Balloon@2x.png in Resources */ = {isa = PBXBuildFile; fileRef = 0002D2E419188B8A001FDED8 /* Balloon@2x.png */; };
		0021BACC192342BD00626A2C /* GLBaseObject.m in Sources */ = {isa = PBXBuildFile; fileRef = 0021BA82192342BD00626A2C /* GLBaseObject.m */; };
		0021BACD192342BD00626A2C /* GLBranch.m in Sources */ = {isa = PBXBuildFile; fileRef = 0021BA84192342BD00626A2C /* GLBranch.m */; };
		0021BACE192342BD00626A2C /* GLCommit.m in Sources */ = {isa = PBXBuildFile; fileRef = 0021BA86192342BD00626A2C /* GLCommit.m */; };
		0021BACF192342BD00626A2C /* GLDiff.m in Sources */ = {isa = PBXBuildFile; fileRef = 0021BA88192342BD00626A2C /* GLDiff.m */; };
		0021BAD0192342BD00626A2C /* GLEvent.m in Sources */ = {isa = PBXBuildFile; fileRef = 0021BA8A192342BD00626A2C /* GLEvent.m */; };
		0021BAD1192342BD00626A2C /* GLFile.m in Sources */ = {isa = PBXBuildFile; fileRef = 0021BA8C192342BD00626A2C /* GLFile.m */; };
		0021BAD2192342BD00626A2C /* GLGroup.m in Sources */ = {isa = PBXBuildFile; fileRef = 0021BA8E192342BD00626A2C /* GLGroup.m */; };
		0021BAD3192342BD00626A2C /* GLIssue.m in Sources */ = {isa = PBXBuildFile; fileRef = 0021BA90192342BD00626A2C /* GLIssue.m */; };
		0021BAD4192342BD00626A2C /* GLMergeRequest.m in Sources */ = {isa = PBXBuildFile; fileRef = 0021BA92192342BD00626A2C /* GLMergeRequest.m */; };
		0021BAD5192342BD00626A2C /* GLMilestone.m in Sources */ = {isa = PBXBuildFile; fileRef = 0021BA94192342BD00626A2C /* GLMilestone.m */; };
		0021BAD6192342BD00626A2C /* GLNamespace.m in Sources */ = {isa = PBXBuildFile; fileRef = 0021BA96192342BD00626A2C /* GLNamespace.m */; };
		0021BAD7192342BD00626A2C /* GLNote.m in Sources */ = {isa = PBXBuildFile; fileRef = 0021BA98192342BD00626A2C /* GLNote.m */; };
		0021BAD8192342BD00626A2C /* GLProject.m in Sources */ = {isa = PBXBuildFile; fileRef = 0021BA9A192342BD00626A2C /* GLProject.m */; };
		0021BAD9192342BD00626A2C /* GLSnippet.m in Sources */ = {isa = PBXBuildFile; fileRef = 0021BA9C192342BD00626A2C /* GLSnippet.m */; };
		0021BADA192342BD00626A2C /* GLTag.m in Sources */ = {isa = PBXBuildFile; fileRef = 0021BA9E192342BD00626A2C /* GLTag.m */; };
		0021BADB192342BD00626A2C /* GLUser.m in Sources */ = {isa = PBXBuildFile; fileRef = 0021BAA0192342BD00626A2C /* GLUser.m */; };
		0021BADC192342BD00626A2C /* GLConstants.m in Sources */ = {isa = PBXBuildFile; fileRef = 0021BAA4192342BD00626A2C /* GLConstants.m */; };
		0021BADD192342BD00626A2C /* GLGitlabApi+Commits.m in Sources */ = {isa = PBXBuildFile; fileRef = 0021BAA6192342BD00626A2C /* GLGitlabApi+Commits.m */; };
		0021BADE192342BD00626A2C /* GLGitlabApi+Files.m in Sources */ = {isa = PBXBuildFile; fileRef = 0021BAA8192342BD00626A2C /* GLGitlabApi+Files.m */; };
		0021BADF192342BD00626A2C /* GLGitlabApi+Groups.m in Sources */ = {isa = PBXBuildFile; fileRef = 0021BAAA192342BD00626A2C /* GLGitlabApi+Groups.m */; };
		0021BAE0192342BD00626A2C /* GLGitlabApi+Issues.m in Sources */ = {isa = PBXBuildFile; fileRef = 0021BAAC192342BD00626A2C /* GLGitlabApi+Issues.m */; };
		0021BAE1192342BD00626A2C /* GLGitlabApi+MergeRequest.m in Sources */ = {isa = PBXBuildFile; fileRef = 0021BAAE192342BD00626A2C /* GLGitlabApi+MergeRequest.m */; };
		0021BAE2192342BD00626A2C /* GLGitlabApi+Milestones.m in Sources */ = {isa = PBXBuildFile; fileRef = 0021BAB0192342BD00626A2C /* GLGitlabApi+Milestones.m */; };
		0021BAE3192342BD00626A2C /* GLGitlabApi+Notes.m in Sources */ = {isa = PBXBuildFile; fileRef = 0021BAB2192342BD00626A2C /* GLGitlabApi+Notes.m */; };
		0021BAE4192342BD00626A2C /* GLGitlabApi+Projects.m in Sources */ = {isa = PBXBuildFile; fileRef = 0021BAB4192342BD00626A2C /* GLGitlabApi+Projects.m */; };
		0021BAE5192342BD00626A2C /* GLGitlabApi+Repositories.m in Sources */ = {isa = PBXBuildFile; fileRef = 0021BAB6192342BD00626A2C /* GLGitlabApi+Repositories.m */; };
		0021BAE6192342BD00626A2C /* GLGitlabApi+Session.m in Sources */ = {isa = PBXBuildFile; fileRef = 0021BAB8192342BD00626A2C /* GLGitlabApi+Session.m */; };
		0021BAE7192342BD00626A2C /* GLGitlabApi+Snippets.m in Sources */ = {isa = PBXBuildFile; fileRef = 0021BABA192342BD00626A2C /* GLGitlabApi+Snippets.m */; };
		0021BAE8192342BD00626A2C /* GLGitlabApi+Users.m in Sources */ = {isa = PBXBuildFile; fileRef = 0021BABC192342BD00626A2C /* GLGitlabApi+Users.m */; };
		0021BAE9192342BD00626A2C /* GLGitlabApi.m in Sources */ = {isa = PBXBuildFile; fileRef = 0021BABE192342BD00626A2C /* GLGitlabApi.m */; };
		0021BAEA192342BD00626A2C /* GLJsonNetworkOperation.m in Sources */ = {isa = PBXBuildFile; fileRef = 0021BAC0192342BD00626A2C /* GLJsonNetworkOperation.m */; };
		0021BAEB192342BD00626A2C /* GLNetworkOperation.m in Sources */ = {isa = PBXBuildFile; fileRef = 0021BAC2192342BD00626A2C /* GLNetworkOperation.m */; };
		0021BAEC192342BD00626A2C /* GLRawNetworkOperation.m in Sources */ = {isa = PBXBuildFile; fileRef = 0021BAC4192342BD00626A2C /* GLRawNetworkOperation.m */; };
		0021BAED192342BD00626A2C /* GLVoidNetworkOperation.m in Sources */ = {isa = PBXBuildFile; fileRef = 0021BAC6192342BD00626A2C /* GLVoidNetworkOperation.m */; };
		0021BAEE192342BD00626A2C /* NSURL+GLAdditions.m in Sources */ = {isa = PBXBuildFile; fileRef = 0021BAC8192342BD00626A2C /* NSURL+GLAdditions.m */; };
		0021BAEF192342BD00626A2C /* GLGitlabApi+Private.m in Sources */ = {isa = PBXBuildFile; fileRef = 0021BACB192342BD00626A2C /* GLGitlabApi+Private.m */; };
		0021BAF41923608200626A2C /* Security.framework in Frameworks */ = {isa = PBXBuildFile; fileRef = 0021BAF31923608200626A2C /* Security.framework */; };
		0021BAF7192360A100626A2C /* SSKeychain.m in Sources */ = {isa = PBXBuildFile; fileRef = 0021BAF6192360A100626A2C /* SSKeychain.m */; };
		0041FA9B191C87AF00E1F237 /* Tools.m in Sources */ = {isa = PBXBuildFile; fileRef = 0041FA9A191C87AF00E1F237 /* Tools.m */; };
		00541C0A196684AB002EC356 /* GLBlob.m in Sources */ = {isa = PBXBuildFile; fileRef = 00541C09196684AB002EC356 /* GLBlob.m */; };
		0062237D1963F30D00454CB9 /* back@2x.png in Resources */ = {isa = PBXBuildFile; fileRef = 0062237C1963F30D00454CB9 /* back@2x.png */; };
		006391C71988848800689FAD /* ProjectDetailsView.m in Sources */ = {isa = PBXBuildFile; fileRef = 006391C61988848800689FAD /* ProjectDetailsView.m */; };
		00760B611973BF6600C88C6F /* NoteEditingView.m in Sources */ = {isa = PBXBuildFile; fileRef = 00760B601973BF6600C88C6F /* NoteEditingView.m */; };
		00760B8A19767BDA00C88C6F /* MKAnnotationView+WebCache.m in Sources */ = {isa = PBXBuildFile; fileRef = 00760B6A19767BDA00C88C6F /* MKAnnotationView+WebCache.m */; };
		00760B8B19767BDB00C88C6F /* NSData+ImageContentType.m in Sources */ = {isa = PBXBuildFile; fileRef = 00760B6C19767BDA00C88C6F /* NSData+ImageContentType.m */; };
		00760B8C19767BDB00C88C6F /* SDImageCache.m in Sources */ = {isa = PBXBuildFile; fileRef = 00760B6E19767BDA00C88C6F /* SDImageCache.m */; };
		00760B8D19767BDB00C88C6F /* SDWebImageCompat.m in Sources */ = {isa = PBXBuildFile; fileRef = 00760B7019767BDA00C88C6F /* SDWebImageCompat.m */; };
		00760B8E19767BDB00C88C6F /* SDWebImageDecoder.m in Sources */ = {isa = PBXBuildFile; fileRef = 00760B7219767BDA00C88C6F /* SDWebImageDecoder.m */; };
		00760B8F19767BDB00C88C6F /* SDWebImageDownloader.m in Sources */ = {isa = PBXBuildFile; fileRef = 00760B7419767BDA00C88C6F /* SDWebImageDownloader.m */; };
		00760B9019767BDB00C88C6F /* SDWebImageDownloaderOperation.m in Sources */ = {isa = PBXBuildFile; fileRef = 00760B7619767BDA00C88C6F /* SDWebImageDownloaderOperation.m */; };
		00760B9119767BDB00C88C6F /* SDWebImageManager.m in Sources */ = {isa = PBXBuildFile; fileRef = 00760B7819767BDA00C88C6F /* SDWebImageManager.m */; };
		00760B9219767BDB00C88C6F /* SDWebImagePrefetcher.m in Sources */ = {isa = PBXBuildFile; fileRef = 00760B7B19767BDA00C88C6F /* SDWebImagePrefetcher.m */; };
		00760B9319767BDB00C88C6F /* UIButton+WebCache.m in Sources */ = {isa = PBXBuildFile; fileRef = 00760B7D19767BDA00C88C6F /* UIButton+WebCache.m */; };
		00760B9419767BDB00C88C6F /* UIImage+GIF.m in Sources */ = {isa = PBXBuildFile; fileRef = 00760B7F19767BDA00C88C6F /* UIImage+GIF.m */; };
		00760B9519767BDB00C88C6F /* UIImage+MultiFormat.m in Sources */ = {isa = PBXBuildFile; fileRef = 00760B8119767BDA00C88C6F /* UIImage+MultiFormat.m */; };
		00760B9619767BDB00C88C6F /* UIImage+WebP.m in Sources */ = {isa = PBXBuildFile; fileRef = 00760B8319767BDA00C88C6F /* UIImage+WebP.m */; };
		00760B9719767BDB00C88C6F /* UIImageView+HighlightedWebCache.m in Sources */ = {isa = PBXBuildFile; fileRef = 00760B8519767BDA00C88C6F /* UIImageView+HighlightedWebCache.m */; };
		00760B9819767BDB00C88C6F /* UIImageView+WebCache.m in Sources */ = {isa = PBXBuildFile; fileRef = 00760B8719767BDA00C88C6F /* UIImageView+WebCache.m */; };
		00760B9919767BDB00C88C6F /* UIView+WebCacheOperation.m in Sources */ = {isa = PBXBuildFile; fileRef = 00760B8919767BDA00C88C6F /* UIView+WebCacheOperation.m */; };
		0087828A19583E7D003F331C /* Project.m in Sources */ = {isa = PBXBuildFile; fileRef = 0087828919583E7D003F331C /* Project.m */; };
		009018C71921D1B90050197D /* LoginViewController.m in Sources */ = {isa = PBXBuildFile; fileRef = 009018C61921D1B90050197D /* LoginViewController.m */; };
		00B01FE919221EB40095D488 /* User.m in Sources */ = {isa = PBXBuildFile; fileRef = 00B01FE819221EB40095D488 /* User.m */; };
		00B7594E196BE989009C9C58 /* GLGitLabApi+Events.m in Sources */ = {isa = PBXBuildFile; fileRef = 00B7594D196BE989009C9C58 /* GLGitLabApi+Events.m */; };
		00B75954196BEB6F009C9C58 /* EventCell.m in Sources */ = {isa = PBXBuildFile; fileRef = 00B75953196BEB6F009C9C58 /* EventCell.m */; };
		00B75957196BEB90009C9C58 /* EventsView.m in Sources */ = {isa = PBXBuildFile; fileRef = 00B75956196BEB90009C9C58 /* EventsView.m */; };
		00B7595C196C065E009C9C58 /* Event.m in Sources */ = {isa = PBXBuildFile; fileRef = 00B7595B196C065E009C9C58 /* Event.m */; };
		00C3A40F196113E7002A34AB /* ProjectsViewController.m in Sources */ = {isa = PBXBuildFile; fileRef = 00C3A40E196113E7002A34AB /* ProjectsViewController.m */; };
		00C3A4151961538B002A34AB /* ProjectsTableController.m in Sources */ = {isa = PBXBuildFile; fileRef = 00C3A4141961538B002A34AB /* ProjectsTableController.m */; };
		00C3A4181962AABC002A34AB /* FilesTableController.m in Sources */ = {isa = PBXBuildFile; fileRef = 00C3A4171962AABC002A34AB /* FilesTableController.m */; };
		00C3A41B1962BC5D002A34AB /* FileCell.m in Sources */ = {isa = PBXBuildFile; fileRef = 00C3A41A1962BC5D002A34AB /* FileCell.m */; };
		00C3A41E1962BD55002A34AB /* file@2x.png in Resources */ = {isa = PBXBuildFile; fileRef = 00C3A41C1962BD55002A34AB /* file@2x.png */; };
		00C3A41F1962BD55002A34AB /* folder@2x.png in Resources */ = {isa = PBXBuildFile; fileRef = 00C3A41D1962BD55002A34AB /* folder@2x.png */; };
		00C3A42219639F8D002A34AB /* ProjectCell.m in Sources */ = {isa = PBXBuildFile; fileRef = 00C3A42119639F8D002A34AB /* ProjectCell.m */; };
		00C408F11959CDFA001073BF /* fork@2x.png in Resources */ = {isa = PBXBuildFile; fileRef = 00C408EE1959CDFA001073BF /* fork@2x.png */; };
		00C408F21959CDFA001073BF /* language@2x.png in Resources */ = {isa = PBXBuildFile; fileRef = 00C408EF1959CDFA001073BF /* language@2x.png */; };
		00C408F31959CDFA001073BF /* star2@2x.png in Resources */ = {isa = PBXBuildFile; fileRef = 00C408F01959CDFA001073BF /* star2@2x.png */; };
		00C7C679196A85B70006B2E4 /* FileContentView.m in Sources */ = {isa = PBXBuildFile; fileRef = 00C7C678196A85B70006B2E4 /* FileContentView.m */; };
		00CF21DF1929EF890087AF83 /* ImageIO.framework in Frameworks */ = {isa = PBXBuildFile; fileRef = 00CF21DE1929EF890087AF83 /* ImageIO.framework */; };
		00D4ED1E196E71E700F3A4A5 /* RTLabel.m in Sources */ = {isa = PBXBuildFile; fileRef = 00D4ED19196E71E700F3A4A5 /* RTLabel.m */; };
		00D4ED23196F97FE00F3A4A5 /* Issue.m in Sources */ = {isa = PBXBuildFile; fileRef = 00D4ED22196F97FE00F3A4A5 /* Issue.m */; };
		00D4ED26196F9B9900F3A4A5 /* IssueCell.m in Sources */ = {isa = PBXBuildFile; fileRef = 00D4ED25196F9B9900F3A4A5 /* IssueCell.m */; };
		00D4ED29196F9BCA00F3A4A5 /* IssuesView.m in Sources */ = {isa = PBXBuildFile; fileRef = 00D4ED28196F9BCA00F3A4A5 /* IssuesView.m */; };
		00D4ED2C196FF5C500F3A4A5 /* Note.m in Sources */ = {isa = PBXBuildFile; fileRef = 00D4ED2B196FF5C500F3A4A5 /* Note.m */; };
		00D4ED30196FF85E00F3A4A5 /* NoteCell.m in Sources */ = {isa = PBXBuildFile; fileRef = 00D4ED2F196FF85E00F3A4A5 /* NoteCell.m */; };
		00D4ED34196FF88300F3A4A5 /* NotesView.m in Sources */ = {isa = PBXBuildFile; fileRef = 00D4ED33196FF88300F3A4A5 /* NotesView.m */; };
/* End PBXBuildFile section */

/* Begin PBXContainerItemProxy section */
		0002D26C1916324B001FDED8 /* PBXContainerItemProxy */ = {
			isa = PBXContainerItemProxy;
			containerPortal = 0002D23E1916324B001FDED8 /* Project object */;
			proxyType = 1;
			remoteGlobalIDString = 0002D2451916324B001FDED8;
			remoteInfo = "iOS-git-osc";
		};
/* End PBXContainerItemProxy section */

/* Begin PBXFileReference section */
		0002D2461916324B001FDED8 /* iOS-git-osc.app */ = {isa = PBXFileReference; explicitFileType = wrapper.application; includeInIndex = 0; path = "iOS-git-osc.app"; sourceTree = BUILT_PRODUCTS_DIR; };
		0002D2491916324B001FDED8 /* Foundation.framework */ = {isa = PBXFileReference; lastKnownFileType = wrapper.framework; name = Foundation.framework; path = System/Library/Frameworks/Foundation.framework; sourceTree = SDKROOT; };
		0002D24B1916324B001FDED8 /* CoreGraphics.framework */ = {isa = PBXFileReference; lastKnownFileType = wrapper.framework; name = CoreGraphics.framework; path = System/Library/Frameworks/CoreGraphics.framework; sourceTree = SDKROOT; };
		0002D24D1916324B001FDED8 /* UIKit.framework */ = {isa = PBXFileReference; lastKnownFileType = wrapper.framework; name = UIKit.framework; path = System/Library/Frameworks/UIKit.framework; sourceTree = SDKROOT; };
		0002D2511916324B001FDED8 /* iOS-git-osc-Info.plist */ = {isa = PBXFileReference; lastKnownFileType = text.plist.xml; path = "iOS-git-osc-Info.plist"; sourceTree = "<group>"; };
		0002D2531916324B001FDED8 /* en */ = {isa = PBXFileReference; lastKnownFileType = text.plist.strings; name = en; path = en.lproj/InfoPlist.strings; sourceTree = "<group>"; };
		0002D2551916324B001FDED8 /* main.m */ = {isa = PBXFileReference; lastKnownFileType = sourcecode.c.objc; path = main.m; sourceTree = "<group>"; };
		0002D2571916324B001FDED8 /* iOS-git-osc-Prefix.pch */ = {isa = PBXFileReference; lastKnownFileType = sourcecode.c.h; path = "iOS-git-osc-Prefix.pch"; sourceTree = "<group>"; };
		0002D2581916324B001FDED8 /* AppDelegate.h */ = {isa = PBXFileReference; lastKnownFileType = sourcecode.c.h; path = AppDelegate.h; sourceTree = "<group>"; };
		0002D2591916324B001FDED8 /* AppDelegate.m */ = {isa = PBXFileReference; lastKnownFileType = sourcecode.c.objc; path = AppDelegate.m; sourceTree = "<group>"; };
		0002D2671916324B001FDED8 /* iOS-git-oscTests.xctest */ = {isa = PBXFileReference; explicitFileType = wrapper.cfbundle; includeInIndex = 0; path = "iOS-git-oscTests.xctest"; sourceTree = BUILT_PRODUCTS_DIR; };
		0002D2681916324B001FDED8 /* XCTest.framework */ = {isa = PBXFileReference; lastKnownFileType = wrapper.framework; name = XCTest.framework; path = Library/Frameworks/XCTest.framework; sourceTree = DEVELOPER_DIR; };
		0002D2A619163DF6001FDED8 /* RECommonFunctions.h */ = {isa = PBXFileReference; fileEncoding = 4; lastKnownFileType = sourcecode.c.h; path = RECommonFunctions.h; sourceTree = "<group>"; };
		0002D2A719163DF6001FDED8 /* RECommonFunctions.m */ = {isa = PBXFileReference; fileEncoding = 4; lastKnownFileType = sourcecode.c.objc; path = RECommonFunctions.m; sourceTree = "<group>"; };
		0002D2A819163DF6001FDED8 /* REFrostedContainerViewController.h */ = {isa = PBXFileReference; fileEncoding = 4; lastKnownFileType = sourcecode.c.h; path = REFrostedContainerViewController.h; sourceTree = "<group>"; };
		0002D2A919163DF6001FDED8 /* REFrostedContainerViewController.m */ = {isa = PBXFileReference; fileEncoding = 4; lastKnownFileType = sourcecode.c.objc; path = REFrostedContainerViewController.m; sourceTree = "<group>"; };
		0002D2AA19163DF6001FDED8 /* REFrostedViewController.h */ = {isa = PBXFileReference; fileEncoding = 4; lastKnownFileType = sourcecode.c.h; path = REFrostedViewController.h; sourceTree = "<group>"; };
		0002D2AB19163DF6001FDED8 /* REFrostedViewController.m */ = {isa = PBXFileReference; fileEncoding = 4; lastKnownFileType = sourcecode.c.objc; path = REFrostedViewController.m; sourceTree = "<group>"; };
		0002D2AC19163DF6001FDED8 /* UIImage+REFrostedViewController.h */ = {isa = PBXFileReference; fileEncoding = 4; lastKnownFileType = sourcecode.c.h; path = "UIImage+REFrostedViewController.h"; sourceTree = "<group>"; };
		0002D2AD19163DF6001FDED8 /* UIImage+REFrostedViewController.m */ = {isa = PBXFileReference; fileEncoding = 4; lastKnownFileType = sourcecode.c.objc; path = "UIImage+REFrostedViewController.m"; sourceTree = "<group>"; };
		0002D2AE19163DF6001FDED8 /* UIView+REFrostedViewController.h */ = {isa = PBXFileReference; fileEncoding = 4; lastKnownFileType = sourcecode.c.h; path = "UIView+REFrostedViewController.h"; sourceTree = "<group>"; };
		0002D2AF19163DF6001FDED8 /* UIView+REFrostedViewController.m */ = {isa = PBXFileReference; fileEncoding = 4; lastKnownFileType = sourcecode.c.objc; path = "UIView+REFrostedViewController.m"; sourceTree = "<group>"; };
		0002D2B019163DF6001FDED8 /* UIViewController+REFrostedViewController.h */ = {isa = PBXFileReference; fileEncoding = 4; lastKnownFileType = sourcecode.c.h; path = "UIViewController+REFrostedViewController.h"; sourceTree = "<group>"; };
		0002D2B119163DF6001FDED8 /* UIViewController+REFrostedViewController.m */ = {isa = PBXFileReference; fileEncoding = 4; lastKnownFileType = sourcecode.c.objc; path = "UIViewController+REFrostedViewController.m"; sourceTree = "<group>"; };
		0002D2B9191640B4001FDED8 /* HomeViewController.h */ = {isa = PBXFileReference; fileEncoding = 4; lastKnownFileType = sourcecode.c.h; path = HomeViewController.h; sourceTree = "<group>"; };
		0002D2BA191640B4001FDED8 /* HomeViewController.m */ = {isa = PBXFileReference; fileEncoding = 4; lastKnownFileType = sourcecode.c.objc; path = HomeViewController.m; sourceTree = "<group>"; };
		0002D2BC19164716001FDED8 /* MenuViewController.h */ = {isa = PBXFileReference; fileEncoding = 4; lastKnownFileType = sourcecode.c.h; path = MenuViewController.h; sourceTree = "<group>"; };
		0002D2BD19164716001FDED8 /* MenuViewController.m */ = {isa = PBXFileReference; fileEncoding = 4; lastKnownFileType = sourcecode.c.objc; path = MenuViewController.m; sourceTree = "<group>"; };
		0002D2BF19164B02001FDED8 /* NavigationController.h */ = {isa = PBXFileReference; fileEncoding = 4; lastKnownFileType = sourcecode.c.h; path = NavigationController.h; sourceTree = "<group>"; };
		0002D2C019164B02001FDED8 /* NavigationController.m */ = {isa = PBXFileReference; fileEncoding = 4; lastKnownFileType = sourcecode.c.objc; path = NavigationController.m; sourceTree = "<group>"; };
		0002D2D619188953001FDED8 /* Images.xcassets */ = {isa = PBXFileReference; lastKnownFileType = folder.assetcatalog; path = Images.xcassets; sourceTree = "<group>"; };
		0002D2DE19188B4E001FDED8 /* avatar@2x.jpg */ = {isa = PBXFileReference; lastKnownFileType = image.jpeg; path = "avatar@2x.jpg"; sourceTree = "<group>"; };
		0002D2DF19188B4E001FDED8 /* three_lines.png */ = {isa = PBXFileReference; lastKnownFileType = image.png; path = three_lines.png; sourceTree = "<group>"; };
		0002D2E019188B4E001FDED8 /* three_lines@2x.png */ = {isa = PBXFileReference; lastKnownFileType = image.png; path = "three_lines@2x.png"; sourceTree = "<group>"; };
		0002D2E419188B8A001FDED8 /* Balloon@2x.png */ = {isa = PBXFileReference; lastKnownFileType = image.png; path = "Balloon@2x.png"; sourceTree = "<group>"; };
		0021BA7F192342BD00626A2C /* GLGitlab.h */ = {isa = PBXFileReference; fileEncoding = 4; lastKnownFileType = sourcecode.c.h; path = GLGitlab.h; sourceTree = "<group>"; };
		0021BA81192342BD00626A2C /* GLBaseObject.h */ = {isa = PBXFileReference; fileEncoding = 4; lastKnownFileType = sourcecode.c.h; path = GLBaseObject.h; sourceTree = "<group>"; };
		0021BA82192342BD00626A2C /* GLBaseObject.m */ = {isa = PBXFileReference; fileEncoding = 4; lastKnownFileType = sourcecode.c.objc; path = GLBaseObject.m; sourceTree = "<group>"; };
		0021BA83192342BD00626A2C /* GLBranch.h */ = {isa = PBXFileReference; fileEncoding = 4; lastKnownFileType = sourcecode.c.h; path = GLBranch.h; sourceTree = "<group>"; };
		0021BA84192342BD00626A2C /* GLBranch.m */ = {isa = PBXFileReference; fileEncoding = 4; lastKnownFileType = sourcecode.c.objc; path = GLBranch.m; sourceTree = "<group>"; };
		0021BA85192342BD00626A2C /* GLCommit.h */ = {isa = PBXFileReference; fileEncoding = 4; lastKnownFileType = sourcecode.c.h; path = GLCommit.h; sourceTree = "<group>"; };
		0021BA86192342BD00626A2C /* GLCommit.m */ = {isa = PBXFileReference; fileEncoding = 4; lastKnownFileType = sourcecode.c.objc; path = GLCommit.m; sourceTree = "<group>"; };
		0021BA87192342BD00626A2C /* GLDiff.h */ = {isa = PBXFileReference; fileEncoding = 4; lastKnownFileType = sourcecode.c.h; path = GLDiff.h; sourceTree = "<group>"; };
		0021BA88192342BD00626A2C /* GLDiff.m */ = {isa = PBXFileReference; fileEncoding = 4; lastKnownFileType = sourcecode.c.objc; path = GLDiff.m; sourceTree = "<group>"; };
		0021BA89192342BD00626A2C /* GLEvent.h */ = {isa = PBXFileReference; fileEncoding = 4; lastKnownFileType = sourcecode.c.h; path = GLEvent.h; sourceTree = "<group>"; };
		0021BA8A192342BD00626A2C /* GLEvent.m */ = {isa = PBXFileReference; fileEncoding = 4; lastKnownFileType = sourcecode.c.objc; path = GLEvent.m; sourceTree = "<group>"; };
		0021BA8B192342BD00626A2C /* GLFile.h */ = {isa = PBXFileReference; fileEncoding = 4; lastKnownFileType = sourcecode.c.h; path = GLFile.h; sourceTree = "<group>"; };
		0021BA8C192342BD00626A2C /* GLFile.m */ = {isa = PBXFileReference; fileEncoding = 4; lastKnownFileType = sourcecode.c.objc; path = GLFile.m; sourceTree = "<group>"; };
		0021BA8D192342BD00626A2C /* GLGroup.h */ = {isa = PBXFileReference; fileEncoding = 4; lastKnownFileType = sourcecode.c.h; path = GLGroup.h; sourceTree = "<group>"; };
		0021BA8E192342BD00626A2C /* GLGroup.m */ = {isa = PBXFileReference; fileEncoding = 4; lastKnownFileType = sourcecode.c.objc; path = GLGroup.m; sourceTree = "<group>"; };
		0021BA8F192342BD00626A2C /* GLIssue.h */ = {isa = PBXFileReference; fileEncoding = 4; lastKnownFileType = sourcecode.c.h; path = GLIssue.h; sourceTree = "<group>"; };
		0021BA90192342BD00626A2C /* GLIssue.m */ = {isa = PBXFileReference; fileEncoding = 4; lastKnownFileType = sourcecode.c.objc; path = GLIssue.m; sourceTree = "<group>"; };
		0021BA91192342BD00626A2C /* GLMergeRequest.h */ = {isa = PBXFileReference; fileEncoding = 4; lastKnownFileType = sourcecode.c.h; path = GLMergeRequest.h; sourceTree = "<group>"; };
		0021BA92192342BD00626A2C /* GLMergeRequest.m */ = {isa = PBXFileReference; fileEncoding = 4; lastKnownFileType = sourcecode.c.objc; path = GLMergeRequest.m; sourceTree = "<group>"; };
		0021BA93192342BD00626A2C /* GLMilestone.h */ = {isa = PBXFileReference; fileEncoding = 4; lastKnownFileType = sourcecode.c.h; path = GLMilestone.h; sourceTree = "<group>"; };
		0021BA94192342BD00626A2C /* GLMilestone.m */ = {isa = PBXFileReference; fileEncoding = 4; lastKnownFileType = sourcecode.c.objc; path = GLMilestone.m; sourceTree = "<group>"; };
		0021BA95192342BD00626A2C /* GLNamespace.h */ = {isa = PBXFileReference; fileEncoding = 4; lastKnownFileType = sourcecode.c.h; path = GLNamespace.h; sourceTree = "<group>"; };
		0021BA96192342BD00626A2C /* GLNamespace.m */ = {isa = PBXFileReference; fileEncoding = 4; lastKnownFileType = sourcecode.c.objc; path = GLNamespace.m; sourceTree = "<group>"; };
		0021BA97192342BD00626A2C /* GLNote.h */ = {isa = PBXFileReference; fileEncoding = 4; lastKnownFileType = sourcecode.c.h; path = GLNote.h; sourceTree = "<group>"; };
		0021BA98192342BD00626A2C /* GLNote.m */ = {isa = PBXFileReference; fileEncoding = 4; lastKnownFileType = sourcecode.c.objc; path = GLNote.m; sourceTree = "<group>"; };
		0021BA99192342BD00626A2C /* GLProject.h */ = {isa = PBXFileReference; fileEncoding = 4; lastKnownFileType = sourcecode.c.h; path = GLProject.h; sourceTree = "<group>"; };
		0021BA9A192342BD00626A2C /* GLProject.m */ = {isa = PBXFileReference; fileEncoding = 4; lastKnownFileType = sourcecode.c.objc; path = GLProject.m; sourceTree = "<group>"; };
		0021BA9B192342BD00626A2C /* GLSnippet.h */ = {isa = PBXFileReference; fileEncoding = 4; lastKnownFileType = sourcecode.c.h; path = GLSnippet.h; sourceTree = "<group>"; };
		0021BA9C192342BD00626A2C /* GLSnippet.m */ = {isa = PBXFileReference; fileEncoding = 4; lastKnownFileType = sourcecode.c.objc; path = GLSnippet.m; sourceTree = "<group>"; };
		0021BA9D192342BD00626A2C /* GLTag.h */ = {isa = PBXFileReference; fileEncoding = 4; lastKnownFileType = sourcecode.c.h; path = GLTag.h; sourceTree = "<group>"; };
		0021BA9E192342BD00626A2C /* GLTag.m */ = {isa = PBXFileReference; fileEncoding = 4; lastKnownFileType = sourcecode.c.objc; path = GLTag.m; sourceTree = "<group>"; };
		0021BA9F192342BD00626A2C /* GLUser.h */ = {isa = PBXFileReference; fileEncoding = 4; lastKnownFileType = sourcecode.c.h; path = GLUser.h; sourceTree = "<group>"; };
		0021BAA0192342BD00626A2C /* GLUser.m */ = {isa = PBXFileReference; fileEncoding = 4; lastKnownFileType = sourcecode.c.objc; path = GLUser.m; sourceTree = "<group>"; };
		0021BAA1192342BD00626A2C /* objc gitlab api-Prefix.pch */ = {isa = PBXFileReference; fileEncoding = 4; lastKnownFileType = sourcecode.c.h; path = "objc gitlab api-Prefix.pch"; sourceTree = "<group>"; };
		0021BAA3192342BD00626A2C /* GLConstants.h */ = {isa = PBXFileReference; fileEncoding = 4; lastKnownFileType = sourcecode.c.h; path = GLConstants.h; sourceTree = "<group>"; };
		0021BAA4192342BD00626A2C /* GLConstants.m */ = {isa = PBXFileReference; fileEncoding = 4; lastKnownFileType = sourcecode.c.objc; path = GLConstants.m; sourceTree = "<group>"; };
		0021BAA5192342BD00626A2C /* GLGitlabApi+Commits.h */ = {isa = PBXFileReference; fileEncoding = 4; lastKnownFileType = sourcecode.c.h; path = "GLGitlabApi+Commits.h"; sourceTree = "<group>"; };
		0021BAA6192342BD00626A2C /* GLGitlabApi+Commits.m */ = {isa = PBXFileReference; fileEncoding = 4; lastKnownFileType = sourcecode.c.objc; path = "GLGitlabApi+Commits.m"; sourceTree = "<group>"; };
		0021BAA7192342BD00626A2C /* GLGitlabApi+Files.h */ = {isa = PBXFileReference; fileEncoding = 4; lastKnownFileType = sourcecode.c.h; path = "GLGitlabApi+Files.h"; sourceTree = "<group>"; };
		0021BAA8192342BD00626A2C /* GLGitlabApi+Files.m */ = {isa = PBXFileReference; fileEncoding = 4; lastKnownFileType = sourcecode.c.objc; path = "GLGitlabApi+Files.m"; sourceTree = "<group>"; };
		0021BAA9192342BD00626A2C /* GLGitlabApi+Groups.h */ = {isa = PBXFileReference; fileEncoding = 4; lastKnownFileType = sourcecode.c.h; path = "GLGitlabApi+Groups.h"; sourceTree = "<group>"; };
		0021BAAA192342BD00626A2C /* GLGitlabApi+Groups.m */ = {isa = PBXFileReference; fileEncoding = 4; lastKnownFileType = sourcecode.c.objc; path = "GLGitlabApi+Groups.m"; sourceTree = "<group>"; };
		0021BAAB192342BD00626A2C /* GLGitlabApi+Issues.h */ = {isa = PBXFileReference; fileEncoding = 4; lastKnownFileType = sourcecode.c.h; path = "GLGitlabApi+Issues.h"; sourceTree = "<group>"; };
		0021BAAC192342BD00626A2C /* GLGitlabApi+Issues.m */ = {isa = PBXFileReference; fileEncoding = 4; lastKnownFileType = sourcecode.c.objc; path = "GLGitlabApi+Issues.m"; sourceTree = "<group>"; };
		0021BAAD192342BD00626A2C /* GLGitlabApi+MergeRequest.h */ = {isa = PBXFileReference; fileEncoding = 4; lastKnownFileType = sourcecode.c.h; path = "GLGitlabApi+MergeRequest.h"; sourceTree = "<group>"; };
		0021BAAE192342BD00626A2C /* GLGitlabApi+MergeRequest.m */ = {isa = PBXFileReference; fileEncoding = 4; lastKnownFileType = sourcecode.c.objc; path = "GLGitlabApi+MergeRequest.m"; sourceTree = "<group>"; };
		0021BAAF192342BD00626A2C /* GLGitlabApi+Milestones.h */ = {isa = PBXFileReference; fileEncoding = 4; lastKnownFileType = sourcecode.c.h; path = "GLGitlabApi+Milestones.h"; sourceTree = "<group>"; };
		0021BAB0192342BD00626A2C /* GLGitlabApi+Milestones.m */ = {isa = PBXFileReference; fileEncoding = 4; lastKnownFileType = sourcecode.c.objc; path = "GLGitlabApi+Milestones.m"; sourceTree = "<group>"; };
		0021BAB1192342BD00626A2C /* GLGitlabApi+Notes.h */ = {isa = PBXFileReference; fileEncoding = 4; lastKnownFileType = sourcecode.c.h; path = "GLGitlabApi+Notes.h"; sourceTree = "<group>"; };
		0021BAB2192342BD00626A2C /* GLGitlabApi+Notes.m */ = {isa = PBXFileReference; fileEncoding = 4; lastKnownFileType = sourcecode.c.objc; path = "GLGitlabApi+Notes.m"; sourceTree = "<group>"; };
		0021BAB3192342BD00626A2C /* GLGitlabApi+Projects.h */ = {isa = PBXFileReference; fileEncoding = 4; lastKnownFileType = sourcecode.c.h; path = "GLGitlabApi+Projects.h"; sourceTree = "<group>"; };
		0021BAB4192342BD00626A2C /* GLGitlabApi+Projects.m */ = {isa = PBXFileReference; fileEncoding = 4; lastKnownFileType = sourcecode.c.objc; path = "GLGitlabApi+Projects.m"; sourceTree = "<group>"; };
		0021BAB5192342BD00626A2C /* GLGitlabApi+Repositories.h */ = {isa = PBXFileReference; fileEncoding = 4; lastKnownFileType = sourcecode.c.h; path = "GLGitlabApi+Repositories.h"; sourceTree = "<group>"; };
		0021BAB6192342BD00626A2C /* GLGitlabApi+Repositories.m */ = {isa = PBXFileReference; fileEncoding = 4; lastKnownFileType = sourcecode.c.objc; path = "GLGitlabApi+Repositories.m"; sourceTree = "<group>"; };
		0021BAB7192342BD00626A2C /* GLGitlabApi+Session.h */ = {isa = PBXFileReference; fileEncoding = 4; lastKnownFileType = sourcecode.c.h; path = "GLGitlabApi+Session.h"; sourceTree = "<group>"; };
		0021BAB8192342BD00626A2C /* GLGitlabApi+Session.m */ = {isa = PBXFileReference; fileEncoding = 4; lastKnownFileType = sourcecode.c.objc; path = "GLGitlabApi+Session.m"; sourceTree = "<group>"; };
		0021BAB9192342BD00626A2C /* GLGitlabApi+Snippets.h */ = {isa = PBXFileReference; fileEncoding = 4; lastKnownFileType = sourcecode.c.h; path = "GLGitlabApi+Snippets.h"; sourceTree = "<group>"; };
		0021BABA192342BD00626A2C /* GLGitlabApi+Snippets.m */ = {isa = PBXFileReference; fileEncoding = 4; lastKnownFileType = sourcecode.c.objc; path = "GLGitlabApi+Snippets.m"; sourceTree = "<group>"; };
		0021BABB192342BD00626A2C /* GLGitlabApi+Users.h */ = {isa = PBXFileReference; fileEncoding = 4; lastKnownFileType = sourcecode.c.h; path = "GLGitlabApi+Users.h"; sourceTree = "<group>"; };
		0021BABC192342BD00626A2C /* GLGitlabApi+Users.m */ = {isa = PBXFileReference; fileEncoding = 4; lastKnownFileType = sourcecode.c.objc; path = "GLGitlabApi+Users.m"; sourceTree = "<group>"; };
		0021BABD192342BD00626A2C /* GLGitlabApi.h */ = {isa = PBXFileReference; fileEncoding = 4; lastKnownFileType = sourcecode.c.h; path = GLGitlabApi.h; sourceTree = "<group>"; };
		0021BABE192342BD00626A2C /* GLGitlabApi.m */ = {isa = PBXFileReference; fileEncoding = 4; lastKnownFileType = sourcecode.c.objc; path = GLGitlabApi.m; sourceTree = "<group>"; };
		0021BABF192342BD00626A2C /* GLJsonNetworkOperation.h */ = {isa = PBXFileReference; fileEncoding = 4; lastKnownFileType = sourcecode.c.h; path = GLJsonNetworkOperation.h; sourceTree = "<group>"; };
		0021BAC0192342BD00626A2C /* GLJsonNetworkOperation.m */ = {isa = PBXFileReference; fileEncoding = 4; lastKnownFileType = sourcecode.c.objc; path = GLJsonNetworkOperation.m; sourceTree = "<group>"; };
		0021BAC1192342BD00626A2C /* GLNetworkOperation.h */ = {isa = PBXFileReference; fileEncoding = 4; lastKnownFileType = sourcecode.c.h; path = GLNetworkOperation.h; sourceTree = "<group>"; };
		0021BAC2192342BD00626A2C /* GLNetworkOperation.m */ = {isa = PBXFileReference; fileEncoding = 4; lastKnownFileType = sourcecode.c.objc; path = GLNetworkOperation.m; sourceTree = "<group>"; };
		0021BAC3192342BD00626A2C /* GLRawNetworkOperation.h */ = {isa = PBXFileReference; fileEncoding = 4; lastKnownFileType = sourcecode.c.h; path = GLRawNetworkOperation.h; sourceTree = "<group>"; };
		0021BAC4192342BD00626A2C /* GLRawNetworkOperation.m */ = {isa = PBXFileReference; fileEncoding = 4; lastKnownFileType = sourcecode.c.objc; path = GLRawNetworkOperation.m; sourceTree = "<group>"; };
		0021BAC5192342BD00626A2C /* GLVoidNetworkOperation.h */ = {isa = PBXFileReference; fileEncoding = 4; lastKnownFileType = sourcecode.c.h; path = GLVoidNetworkOperation.h; sourceTree = "<group>"; };
		0021BAC6192342BD00626A2C /* GLVoidNetworkOperation.m */ = {isa = PBXFileReference; fileEncoding = 4; lastKnownFileType = sourcecode.c.objc; path = GLVoidNetworkOperation.m; sourceTree = "<group>"; };
		0021BAC7192342BD00626A2C /* NSURL+GLAdditions.h */ = {isa = PBXFileReference; fileEncoding = 4; lastKnownFileType = sourcecode.c.h; path = "NSURL+GLAdditions.h"; sourceTree = "<group>"; };
		0021BAC8192342BD00626A2C /* NSURL+GLAdditions.m */ = {isa = PBXFileReference; fileEncoding = 4; lastKnownFileType = sourcecode.c.objc; path = "NSURL+GLAdditions.m"; sourceTree = "<group>"; };
		0021BACA192342BD00626A2C /* GLGitlabApi+Private.h */ = {isa = PBXFileReference; fileEncoding = 4; lastKnownFileType = sourcecode.c.h; path = "GLGitlabApi+Private.h"; sourceTree = "<group>"; };
		0021BACB192342BD00626A2C /* GLGitlabApi+Private.m */ = {isa = PBXFileReference; fileEncoding = 4; lastKnownFileType = sourcecode.c.objc; path = "GLGitlabApi+Private.m"; sourceTree = "<group>"; };
		0021BAF31923608200626A2C /* Security.framework */ = {isa = PBXFileReference; lastKnownFileType = wrapper.framework; name = Security.framework; path = System/Library/Frameworks/Security.framework; sourceTree = SDKROOT; };
		0021BAF5192360A100626A2C /* SSKeychain.h */ = {isa = PBXFileReference; fileEncoding = 4; lastKnownFileType = sourcecode.c.h; name = SSKeychain.h; path = "../../../Objective-C/sskeychain-master/SSKeychain.h"; sourceTree = "<group>"; };
		0021BAF6192360A100626A2C /* SSKeychain.m */ = {isa = PBXFileReference; fileEncoding = 4; lastKnownFileType = sourcecode.c.objc; name = SSKeychain.m; path = "../../../Objective-C/sskeychain-master/SSKeychain.m"; sourceTree = "<group>"; };
		0041FA99191C87AF00E1F237 /* Tools.h */ = {isa = PBXFileReference; fileEncoding = 4; lastKnownFileType = sourcecode.c.h; path = Tools.h; sourceTree = "<group>"; };
		0041FA9A191C87AF00E1F237 /* Tools.m */ = {isa = PBXFileReference; fileEncoding = 4; lastKnownFileType = sourcecode.c.objc; path = Tools.m; sourceTree = "<group>"; };
		00541C08196684AB002EC356 /* GLBlob.h */ = {isa = PBXFileReference; fileEncoding = 4; lastKnownFileType = sourcecode.c.h; path = GLBlob.h; sourceTree = "<group>"; };
		00541C09196684AB002EC356 /* GLBlob.m */ = {isa = PBXFileReference; fileEncoding = 4; lastKnownFileType = sourcecode.c.objc; path = GLBlob.m; sourceTree = "<group>"; };
		0062237C1963F30D00454CB9 /* back@2x.png */ = {isa = PBXFileReference; lastKnownFileType = image.png; path = "back@2x.png"; sourceTree = "<group>"; };
		006391C51988848800689FAD /* ProjectDetailsView.h */ = {isa = PBXFileReference; fileEncoding = 4; lastKnownFileType = sourcecode.c.h; path = ProjectDetailsView.h; sourceTree = "<group>"; };
		006391C61988848800689FAD /* ProjectDetailsView.m */ = {isa = PBXFileReference; fileEncoding = 4; lastKnownFileType = sourcecode.c.objc; path = ProjectDetailsView.m; sourceTree = "<group>"; };
		00760B5F1973BF6600C88C6F /* NoteEditingView.h */ = {isa = PBXFileReference; fileEncoding = 4; lastKnownFileType = sourcecode.c.h; path = NoteEditingView.h; sourceTree = "<group>"; };
		00760B601973BF6600C88C6F /* NoteEditingView.m */ = {isa = PBXFileReference; fileEncoding = 4; lastKnownFileType = sourcecode.c.objc; path = NoteEditingView.m; sourceTree = "<group>"; };
		00760B6919767BDA00C88C6F /* MKAnnotationView+WebCache.h */ = {isa = PBXFileReference; fileEncoding = 4; lastKnownFileType = sourcecode.c.h; path = "MKAnnotationView+WebCache.h"; sourceTree = "<group>"; };
		00760B6A19767BDA00C88C6F /* MKAnnotationView+WebCache.m */ = {isa = PBXFileReference; fileEncoding = 4; lastKnownFileType = sourcecode.c.objc; path = "MKAnnotationView+WebCache.m"; sourceTree = "<group>"; };
		00760B6B19767BDA00C88C6F /* NSData+ImageContentType.h */ = {isa = PBXFileReference; fileEncoding = 4; lastKnownFileType = sourcecode.c.h; path = "NSData+ImageContentType.h"; sourceTree = "<group>"; };
		00760B6C19767BDA00C88C6F /* NSData+ImageContentType.m */ = {isa = PBXFileReference; fileEncoding = 4; lastKnownFileType = sourcecode.c.objc; path = "NSData+ImageContentType.m"; sourceTree = "<group>"; };
		00760B6D19767BDA00C88C6F /* SDImageCache.h */ = {isa = PBXFileReference; fileEncoding = 4; lastKnownFileType = sourcecode.c.h; path = SDImageCache.h; sourceTree = "<group>"; };
		00760B6E19767BDA00C88C6F /* SDImageCache.m */ = {isa = PBXFileReference; fileEncoding = 4; lastKnownFileType = sourcecode.c.objc; path = SDImageCache.m; sourceTree = "<group>"; };
		00760B6F19767BDA00C88C6F /* SDWebImageCompat.h */ = {isa = PBXFileReference; fileEncoding = 4; lastKnownFileType = sourcecode.c.h; path = SDWebImageCompat.h; sourceTree = "<group>"; };
		00760B7019767BDA00C88C6F /* SDWebImageCompat.m */ = {isa = PBXFileReference; fileEncoding = 4; lastKnownFileType = sourcecode.c.objc; path = SDWebImageCompat.m; sourceTree = "<group>"; };
		00760B7119767BDA00C88C6F /* SDWebImageDecoder.h */ = {isa = PBXFileReference; fileEncoding = 4; lastKnownFileType = sourcecode.c.h; path = SDWebImageDecoder.h; sourceTree = "<group>"; };
		00760B7219767BDA00C88C6F /* SDWebImageDecoder.m */ = {isa = PBXFileReference; fileEncoding = 4; lastKnownFileType = sourcecode.c.objc; path = SDWebImageDecoder.m; sourceTree = "<group>"; };
		00760B7319767BDA00C88C6F /* SDWebImageDownloader.h */ = {isa = PBXFileReference; fileEncoding = 4; lastKnownFileType = sourcecode.c.h; path = SDWebImageDownloader.h; sourceTree = "<group>"; };
		00760B7419767BDA00C88C6F /* SDWebImageDownloader.m */ = {isa = PBXFileReference; fileEncoding = 4; lastKnownFileType = sourcecode.c.objc; path = SDWebImageDownloader.m; sourceTree = "<group>"; };
		00760B7519767BDA00C88C6F /* SDWebImageDownloaderOperation.h */ = {isa = PBXFileReference; fileEncoding = 4; lastKnownFileType = sourcecode.c.h; path = SDWebImageDownloaderOperation.h; sourceTree = "<group>"; };
		00760B7619767BDA00C88C6F /* SDWebImageDownloaderOperation.m */ = {isa = PBXFileReference; fileEncoding = 4; lastKnownFileType = sourcecode.c.objc; path = SDWebImageDownloaderOperation.m; sourceTree = "<group>"; };
		00760B7719767BDA00C88C6F /* SDWebImageManager.h */ = {isa = PBXFileReference; fileEncoding = 4; lastKnownFileType = sourcecode.c.h; path = SDWebImageManager.h; sourceTree = "<group>"; };
		00760B7819767BDA00C88C6F /* SDWebImageManager.m */ = {isa = PBXFileReference; fileEncoding = 4; lastKnownFileType = sourcecode.c.objc; path = SDWebImageManager.m; sourceTree = "<group>"; };
		00760B7919767BDA00C88C6F /* SDWebImageOperation.h */ = {isa = PBXFileReference; fileEncoding = 4; lastKnownFileType = sourcecode.c.h; path = SDWebImageOperation.h; sourceTree = "<group>"; };
		00760B7A19767BDA00C88C6F /* SDWebImagePrefetcher.h */ = {isa = PBXFileReference; fileEncoding = 4; lastKnownFileType = sourcecode.c.h; path = SDWebImagePrefetcher.h; sourceTree = "<group>"; };
		00760B7B19767BDA00C88C6F /* SDWebImagePrefetcher.m */ = {isa = PBXFileReference; fileEncoding = 4; lastKnownFileType = sourcecode.c.objc; path = SDWebImagePrefetcher.m; sourceTree = "<group>"; };
		00760B7C19767BDA00C88C6F /* UIButton+WebCache.h */ = {isa = PBXFileReference; fileEncoding = 4; lastKnownFileType = sourcecode.c.h; path = "UIButton+WebCache.h"; sourceTree = "<group>"; };
		00760B7D19767BDA00C88C6F /* UIButton+WebCache.m */ = {isa = PBXFileReference; fileEncoding = 4; lastKnownFileType = sourcecode.c.objc; path = "UIButton+WebCache.m"; sourceTree = "<group>"; };
		00760B7E19767BDA00C88C6F /* UIImage+GIF.h */ = {isa = PBXFileReference; fileEncoding = 4; lastKnownFileType = sourcecode.c.h; path = "UIImage+GIF.h"; sourceTree = "<group>"; };
		00760B7F19767BDA00C88C6F /* UIImage+GIF.m */ = {isa = PBXFileReference; fileEncoding = 4; lastKnownFileType = sourcecode.c.objc; path = "UIImage+GIF.m"; sourceTree = "<group>"; };
		00760B8019767BDA00C88C6F /* UIImage+MultiFormat.h */ = {isa = PBXFileReference; fileEncoding = 4; lastKnownFileType = sourcecode.c.h; path = "UIImage+MultiFormat.h"; sourceTree = "<group>"; };
		00760B8119767BDA00C88C6F /* UIImage+MultiFormat.m */ = {isa = PBXFileReference; fileEncoding = 4; lastKnownFileType = sourcecode.c.objc; path = "UIImage+MultiFormat.m"; sourceTree = "<group>"; };
		00760B8219767BDA00C88C6F /* UIImage+WebP.h */ = {isa = PBXFileReference; fileEncoding = 4; lastKnownFileType = sourcecode.c.h; path = "UIImage+WebP.h"; sourceTree = "<group>"; };
		00760B8319767BDA00C88C6F /* UIImage+WebP.m */ = {isa = PBXFileReference; fileEncoding = 4; lastKnownFileType = sourcecode.c.objc; path = "UIImage+WebP.m"; sourceTree = "<group>"; };
		00760B8419767BDA00C88C6F /* UIImageView+HighlightedWebCache.h */ = {isa = PBXFileReference; fileEncoding = 4; lastKnownFileType = sourcecode.c.h; path = "UIImageView+HighlightedWebCache.h"; sourceTree = "<group>"; };
		00760B8519767BDA00C88C6F /* UIImageView+HighlightedWebCache.m */ = {isa = PBXFileReference; fileEncoding = 4; lastKnownFileType = sourcecode.c.objc; path = "UIImageView+HighlightedWebCache.m"; sourceTree = "<group>"; };
		00760B8619767BDA00C88C6F /* UIImageView+WebCache.h */ = {isa = PBXFileReference; fileEncoding = 4; lastKnownFileType = sourcecode.c.h; path = "UIImageView+WebCache.h"; sourceTree = "<group>"; };
		00760B8719767BDA00C88C6F /* UIImageView+WebCache.m */ = {isa = PBXFileReference; fileEncoding = 4; lastKnownFileType = sourcecode.c.objc; path = "UIImageView+WebCache.m"; sourceTree = "<group>"; };
		00760B8819767BDA00C88C6F /* UIView+WebCacheOperation.h */ = {isa = PBXFileReference; fileEncoding = 4; lastKnownFileType = sourcecode.c.h; path = "UIView+WebCacheOperation.h"; sourceTree = "<group>"; };
		00760B8919767BDA00C88C6F /* UIView+WebCacheOperation.m */ = {isa = PBXFileReference; fileEncoding = 4; lastKnownFileType = sourcecode.c.objc; path = "UIView+WebCacheOperation.m"; sourceTree = "<group>"; };
		0087828819583E7D003F331C /* Project.h */ = {isa = PBXFileReference; fileEncoding = 4; lastKnownFileType = sourcecode.c.h; path = Project.h; sourceTree = "<group>"; };
		0087828919583E7D003F331C /* Project.m */ = {isa = PBXFileReference; fileEncoding = 4; lastKnownFileType = sourcecode.c.objc; path = Project.m; sourceTree = "<group>"; };
		009018C51921D1B90050197D /* LoginViewController.h */ = {isa = PBXFileReference; fileEncoding = 4; lastKnownFileType = sourcecode.c.h; path = LoginViewController.h; sourceTree = "<group>"; };
		009018C61921D1B90050197D /* LoginViewController.m */ = {isa = PBXFileReference; fileEncoding = 4; lastKnownFileType = sourcecode.c.objc; path = LoginViewController.m; sourceTree = "<group>"; };
		00B01FE719221EB40095D488 /* User.h */ = {isa = PBXFileReference; fileEncoding = 4; lastKnownFileType = sourcecode.c.h; path = User.h; sourceTree = "<group>"; };
		00B01FE819221EB40095D488 /* User.m */ = {isa = PBXFileReference; fileEncoding = 4; lastKnownFileType = sourcecode.c.objc; path = User.m; sourceTree = "<group>"; };
		00B7594C196BE989009C9C58 /* GLGitLabApi+Events.h */ = {isa = PBXFileReference; fileEncoding = 4; lastKnownFileType = sourcecode.c.h; path = "GLGitLabApi+Events.h"; sourceTree = "<group>"; };
		00B7594D196BE989009C9C58 /* GLGitLabApi+Events.m */ = {isa = PBXFileReference; fileEncoding = 4; lastKnownFileType = sourcecode.c.objc; path = "GLGitLabApi+Events.m"; sourceTree = "<group>"; };
		00B75952196BEB6F009C9C58 /* EventCell.h */ = {isa = PBXFileReference; fileEncoding = 4; lastKnownFileType = sourcecode.c.h; path = EventCell.h; sourceTree = "<group>"; };
		00B75953196BEB6F009C9C58 /* EventCell.m */ = {isa = PBXFileReference; fileEncoding = 4; lastKnownFileType = sourcecode.c.objc; path = EventCell.m; sourceTree = "<group>"; };
		00B75955196BEB90009C9C58 /* EventsView.h */ = {isa = PBXFileReference; fileEncoding = 4; lastKnownFileType = sourcecode.c.h; path = EventsView.h; sourceTree = "<group>"; };
		00B75956196BEB90009C9C58 /* EventsView.m */ = {isa = PBXFileReference; fileEncoding = 4; lastKnownFileType = sourcecode.c.objc; path = EventsView.m; sourceTree = "<group>"; };
		00B7595A196C065E009C9C58 /* Event.h */ = {isa = PBXFileReference; fileEncoding = 4; lastKnownFileType = sourcecode.c.h; path = Event.h; sourceTree = "<group>"; };
		00B7595B196C065E009C9C58 /* Event.m */ = {isa = PBXFileReference; fileEncoding = 4; lastKnownFileType = sourcecode.c.objc; path = Event.m; sourceTree = "<group>"; };
		00C3A40D196113E7002A34AB /* ProjectsViewController.h */ = {isa = PBXFileReference; fileEncoding = 4; lastKnownFileType = sourcecode.c.h; path = ProjectsViewController.h; sourceTree = "<group>"; };
		00C3A40E196113E7002A34AB /* ProjectsViewController.m */ = {isa = PBXFileReference; fileEncoding = 4; lastKnownFileType = sourcecode.c.objc; path = ProjectsViewController.m; sourceTree = "<group>"; };
		00C3A4131961538B002A34AB /* ProjectsTableController.h */ = {isa = PBXFileReference; fileEncoding = 4; lastKnownFileType = sourcecode.c.h; path = ProjectsTableController.h; sourceTree = "<group>"; };
		00C3A4141961538B002A34AB /* ProjectsTableController.m */ = {isa = PBXFileReference; fileEncoding = 4; lastKnownFileType = sourcecode.c.objc; path = ProjectsTableController.m; sourceTree = "<group>"; };
		00C3A4161962AABB002A34AB /* FilesTableController.h */ = {isa = PBXFileReference; fileEncoding = 4; lastKnownFileType = sourcecode.c.h; path = FilesTableController.h; sourceTree = "<group>"; };
		00C3A4171962AABC002A34AB /* FilesTableController.m */ = {isa = PBXFileReference; fileEncoding = 4; lastKnownFileType = sourcecode.c.objc; path = FilesTableController.m; sourceTree = "<group>"; };
		00C3A4191962BC5C002A34AB /* FileCell.h */ = {isa = PBXFileReference; fileEncoding = 4; lastKnownFileType = sourcecode.c.h; path = FileCell.h; sourceTree = "<group>"; };
		00C3A41A1962BC5D002A34AB /* FileCell.m */ = {isa = PBXFileReference; fileEncoding = 4; lastKnownFileType = sourcecode.c.objc; path = FileCell.m; sourceTree = "<group>"; };
		00C3A41C1962BD55002A34AB /* file@2x.png */ = {isa = PBXFileReference; lastKnownFileType = image.png; path = "file@2x.png"; sourceTree = "<group>"; };
		00C3A41D1962BD55002A34AB /* folder@2x.png */ = {isa = PBXFileReference; lastKnownFileType = image.png; path = "folder@2x.png"; sourceTree = "<group>"; };
		00C3A42019639F8D002A34AB /* ProjectCell.h */ = {isa = PBXFileReference; fileEncoding = 4; lastKnownFileType = sourcecode.c.h; path = ProjectCell.h; sourceTree = "<group>"; };
		00C3A42119639F8D002A34AB /* ProjectCell.m */ = {isa = PBXFileReference; fileEncoding = 4; lastKnownFileType = sourcecode.c.objc; path = ProjectCell.m; sourceTree = "<group>"; };
		00C408EE1959CDFA001073BF /* fork@2x.png */ = {isa = PBXFileReference; lastKnownFileType = image.png; path = "fork@2x.png"; sourceTree = "<group>"; };
		00C408EF1959CDFA001073BF /* language@2x.png */ = {isa = PBXFileReference; lastKnownFileType = image.png; path = "language@2x.png"; sourceTree = "<group>"; };
		00C408F01959CDFA001073BF /* star2@2x.png */ = {isa = PBXFileReference; lastKnownFileType = image.png; path = "star2@2x.png"; sourceTree = "<group>"; };
		00C7C677196A85B70006B2E4 /* FileContentView.h */ = {isa = PBXFileReference; fileEncoding = 4; lastKnownFileType = sourcecode.c.h; path = FileContentView.h; sourceTree = "<group>"; };
		00C7C678196A85B70006B2E4 /* FileContentView.m */ = {isa = PBXFileReference; fileEncoding = 4; lastKnownFileType = sourcecode.c.objc; path = FileContentView.m; sourceTree = "<group>"; };
		00CF21DE1929EF890087AF83 /* ImageIO.framework */ = {isa = PBXFileReference; lastKnownFileType = wrapper.framework; name = ImageIO.framework; path = System/Library/Frameworks/ImageIO.framework; sourceTree = SDKROOT; };
		00D4ED18196E71E700F3A4A5 /* RTLabel.h */ = {isa = PBXFileReference; fileEncoding = 4; lastKnownFileType = sourcecode.c.h; path = RTLabel.h; sourceTree = "<group>"; };
		00D4ED19196E71E700F3A4A5 /* RTLabel.m */ = {isa = PBXFileReference; fileEncoding = 4; lastKnownFileType = sourcecode.c.objc; path = RTLabel.m; sourceTree = "<group>"; };
		00D4ED21196F97FE00F3A4A5 /* Issue.h */ = {isa = PBXFileReference; fileEncoding = 4; lastKnownFileType = sourcecode.c.h; path = Issue.h; sourceTree = "<group>"; };
		00D4ED22196F97FE00F3A4A5 /* Issue.m */ = {isa = PBXFileReference; fileEncoding = 4; lastKnownFileType = sourcecode.c.objc; path = Issue.m; sourceTree = "<group>"; };
		00D4ED24196F9B9900F3A4A5 /* IssueCell.h */ = {isa = PBXFileReference; fileEncoding = 4; lastKnownFileType = sourcecode.c.h; path = IssueCell.h; sourceTree = "<group>"; };
		00D4ED25196F9B9900F3A4A5 /* IssueCell.m */ = {isa = PBXFileReference; fileEncoding = 4; lastKnownFileType = sourcecode.c.objc; path = IssueCell.m; sourceTree = "<group>"; };
		00D4ED27196F9BCA00F3A4A5 /* IssuesView.h */ = {isa = PBXFileReference; fileEncoding = 4; lastKnownFileType = sourcecode.c.h; path = IssuesView.h; sourceTree = "<group>"; };
		00D4ED28196F9BCA00F3A4A5 /* IssuesView.m */ = {isa = PBXFileReference; fileEncoding = 4; lastKnownFileType = sourcecode.c.objc; path = IssuesView.m; sourceTree = "<group>"; };
		00D4ED2A196FF5C500F3A4A5 /* Note.h */ = {isa = PBXFileReference; fileEncoding = 4; lastKnownFileType = sourcecode.c.h; path = Note.h; sourceTree = "<group>"; };
		00D4ED2B196FF5C500F3A4A5 /* Note.m */ = {isa = PBXFileReference; fileEncoding = 4; lastKnownFileType = sourcecode.c.objc; path = Note.m; sourceTree = "<group>"; };
		00D4ED2E196FF85E00F3A4A5 /* NoteCell.h */ = {isa = PBXFileReference; fileEncoding = 4; lastKnownFileType = sourcecode.c.h; path = NoteCell.h; sourceTree = "<group>"; };
		00D4ED2F196FF85E00F3A4A5 /* NoteCell.m */ = {isa = PBXFileReference; fileEncoding = 4; lastKnownFileType = sourcecode.c.objc; path = NoteCell.m; sourceTree = "<group>"; };
		00D4ED32196FF88300F3A4A5 /* NotesView.h */ = {isa = PBXFileReference; fileEncoding = 4; lastKnownFileType = sourcecode.c.h; path = NotesView.h; sourceTree = "<group>"; };
		00D4ED33196FF88300F3A4A5 /* NotesView.m */ = {isa = PBXFileReference; fileEncoding = 4; lastKnownFileType = sourcecode.c.objc; path = NotesView.m; sourceTree = "<group>"; };
/* End PBXFileReference section */

/* Begin PBXFrameworksBuildPhase section */
		0002D2431916324B001FDED8 /* Frameworks */ = {
			isa = PBXFrameworksBuildPhase;
			buildActionMask = 2147483647;
			files = (
				00CF21DF1929EF890087AF83 /* ImageIO.framework in Frameworks */,
				0021BAF41923608200626A2C /* Security.framework in Frameworks */,
				0002D24C1916324B001FDED8 /* CoreGraphics.framework in Frameworks */,
				0002D24E1916324B001FDED8 /* UIKit.framework in Frameworks */,
				0002D24A1916324B001FDED8 /* Foundation.framework in Frameworks */,
			);
			runOnlyForDeploymentPostprocessing = 0;
		};
		0002D2641916324B001FDED8 /* Frameworks */ = {
			isa = PBXFrameworksBuildPhase;
			buildActionMask = 2147483647;
			files = (
				0002D2691916324B001FDED8 /* XCTest.framework in Frameworks */,
				0002D26B1916324B001FDED8 /* UIKit.framework in Frameworks */,
				0002D26A1916324B001FDED8 /* Foundation.framework in Frameworks */,
			);
			runOnlyForDeploymentPostprocessing = 0;
		};
/* End PBXFrameworksBuildPhase section */

/* Begin PBXGroup section */
		0002D23D1916324B001FDED8 = {
			isa = PBXGroup;
			children = (
				00760B6819767BDA00C88C6F /* SDWebImage */,
				00D4ED13196E71E700F3A4A5 /* RTLabel */,
				0002D2A519163DF6001FDED8 /* REFrostedViewController */,
				0021BA7E192342BD00626A2C /* objc gitlab api */,
				0002D24F1916324B001FDED8 /* iOS-git-osc */,
				0002D2C519179858001FDED8 /* Resource */,
				0002D2481916324B001FDED8 /* Frameworks */,
				0002D2471916324B001FDED8 /* Products */,
			);
			sourceTree = "<group>";
		};
		0002D2471916324B001FDED8 /* Products */ = {
			isa = PBXGroup;
			children = (
				0002D2461916324B001FDED8 /* iOS-git-osc.app */,
				0002D2671916324B001FDED8 /* iOS-git-oscTests.xctest */,
			);
			name = Products;
			sourceTree = "<group>";
		};
		0002D2481916324B001FDED8 /* Frameworks */ = {
			isa = PBXGroup;
			children = (
				00CF21DE1929EF890087AF83 /* ImageIO.framework */,
				0021BAF31923608200626A2C /* Security.framework */,
				0002D2491916324B001FDED8 /* Foundation.framework */,
				0002D24B1916324B001FDED8 /* CoreGraphics.framework */,
				0002D24D1916324B001FDED8 /* UIKit.framework */,
				0002D2681916324B001FDED8 /* XCTest.framework */,
			);
			name = Frameworks;
			sourceTree = "<group>";
		};
		0002D24F1916324B001FDED8 /* iOS-git-osc */ = {
			isa = PBXGroup;
			children = (
				0021BAF5192360A100626A2C /* SSKeychain.h */,
				0021BAF6192360A100626A2C /* SSKeychain.m */,
				0041FA99191C87AF00E1F237 /* Tools.h */,
				0041FA9A191C87AF00E1F237 /* Tools.m */,
				0002D2B81916407B001FDED8 /* Controller */,
				0002D2581916324B001FDED8 /* AppDelegate.h */,
				0002D2591916324B001FDED8 /* AppDelegate.m */,
				0002D2D619188953001FDED8 /* Images.xcassets */,
				0002D2501916324B001FDED8 /* Supporting Files */,
			);
			path = "iOS-git-osc";
			sourceTree = "<group>";
		};
		0002D2501916324B001FDED8 /* Supporting Files */ = {
			isa = PBXGroup;
			children = (
				0002D2511916324B001FDED8 /* iOS-git-osc-Info.plist */,
				0002D2521916324B001FDED8 /* InfoPlist.strings */,
				0002D2551916324B001FDED8 /* main.m */,
				0002D2571916324B001FDED8 /* iOS-git-osc-Prefix.pch */,
			);
			name = "Supporting Files";
			sourceTree = "<group>";
		};
		0002D2A519163DF6001FDED8 /* REFrostedViewController */ = {
			isa = PBXGroup;
			children = (
				0002D2A619163DF6001FDED8 /* RECommonFunctions.h */,
				0002D2A719163DF6001FDED8 /* RECommonFunctions.m */,
				0002D2A819163DF6001FDED8 /* REFrostedContainerViewController.h */,
				0002D2A919163DF6001FDED8 /* REFrostedContainerViewController.m */,
				0002D2AA19163DF6001FDED8 /* REFrostedViewController.h */,
				0002D2AB19163DF6001FDED8 /* REFrostedViewController.m */,
				0002D2AC19163DF6001FDED8 /* UIImage+REFrostedViewController.h */,
				0002D2AD19163DF6001FDED8 /* UIImage+REFrostedViewController.m */,
				0002D2AE19163DF6001FDED8 /* UIView+REFrostedViewController.h */,
				0002D2AF19163DF6001FDED8 /* UIView+REFrostedViewController.m */,
				0002D2B019163DF6001FDED8 /* UIViewController+REFrostedViewController.h */,
				0002D2B119163DF6001FDED8 /* UIViewController+REFrostedViewController.m */,
			);
			name = REFrostedViewController;
			path = "iOS-git-osc/REFrostedViewController";
			sourceTree = "<group>";
		};
		0002D2B81916407B001FDED8 /* Controller */ = {
			isa = PBXGroup;
			children = (
				0002D2B9191640B4001FDED8 /* HomeViewController.h */,
				0002D2BA191640B4001FDED8 /* HomeViewController.m */,
				0002D2BC19164716001FDED8 /* MenuViewController.h */,
				0002D2BD19164716001FDED8 /* MenuViewController.m */,
				0002D2BF19164B02001FDED8 /* NavigationController.h */,
				0002D2C019164B02001FDED8 /* NavigationController.m */,
				006391C41987924100689FAD /* Login */,
				00B75960196CE5EB009C9C58 /* Projects */,
				00B7595F196CE5DA009C9C58 /* Files */,
				00B7595D196CE575009C9C58 /* Events */,
				00D4ED20196F97CF00F3A4A5 /* Issues */,
				00D4ED2D196FF83100F3A4A5 /* Notes */,
			);
			name = Controller;
			sourceTree = "<group>";
		};
		0002D2C519179858001FDED8 /* Resource */ = {
			isa = PBXGroup;
			children = (
				0062237C1963F30D00454CB9 /* back@2x.png */,
				00C3A41C1962BD55002A34AB /* file@2x.png */,
				00C3A41D1962BD55002A34AB /* folder@2x.png */,
				00C408EE1959CDFA001073BF /* fork@2x.png */,
				00C408EF1959CDFA001073BF /* language@2x.png */,
				00C408F01959CDFA001073BF /* star2@2x.png */,
				0002D2E419188B8A001FDED8 /* Balloon@2x.png */,
				0002D2DE19188B4E001FDED8 /* avatar@2x.jpg */,
				0002D2DF19188B4E001FDED8 /* three_lines.png */,
				0002D2E019188B4E001FDED8 /* three_lines@2x.png */,
			);
			name = Resource;
			sourceTree = "<group>";
		};
		0021BA7E192342BD00626A2C /* objc gitlab api */ = {
			isa = PBXGroup;
			children = (
				0021BA7F192342BD00626A2C /* GLGitlab.h */,
				0021BA80192342BD00626A2C /* models */,
				0021BAA1192342BD00626A2C /* objc gitlab api-Prefix.pch */,
				0021BAA2192342BD00626A2C /* utilities */,
			);
			path = "objc gitlab api";
			sourceTree = "<group>";
		};
		0021BA80192342BD00626A2C /* models */ = {
			isa = PBXGroup;
			children = (
				0021BA81192342BD00626A2C /* GLBaseObject.h */,
				0021BA82192342BD00626A2C /* GLBaseObject.m */,
				0021BA83192342BD00626A2C /* GLBranch.h */,
				0021BA84192342BD00626A2C /* GLBranch.m */,
				0021BA85192342BD00626A2C /* GLCommit.h */,
				0021BA86192342BD00626A2C /* GLCommit.m */,
				0021BA87192342BD00626A2C /* GLDiff.h */,
				0021BA88192342BD00626A2C /* GLDiff.m */,
				0021BA89192342BD00626A2C /* GLEvent.h */,
				0021BA8A192342BD00626A2C /* GLEvent.m */,
				0021BA8B192342BD00626A2C /* GLFile.h */,
				0021BA8C192342BD00626A2C /* GLFile.m */,
				00541C08196684AB002EC356 /* GLBlob.h */,
				00541C09196684AB002EC356 /* GLBlob.m */,
				0021BA8D192342BD00626A2C /* GLGroup.h */,
				0021BA8E192342BD00626A2C /* GLGroup.m */,
				0021BA8F192342BD00626A2C /* GLIssue.h */,
				0021BA90192342BD00626A2C /* GLIssue.m */,
				0021BA91192342BD00626A2C /* GLMergeRequest.h */,
				0021BA92192342BD00626A2C /* GLMergeRequest.m */,
				0021BA93192342BD00626A2C /* GLMilestone.h */,
				0021BA94192342BD00626A2C /* GLMilestone.m */,
				0021BA95192342BD00626A2C /* GLNamespace.h */,
				0021BA96192342BD00626A2C /* GLNamespace.m */,
				0021BA97192342BD00626A2C /* GLNote.h */,
				0021BA98192342BD00626A2C /* GLNote.m */,
				0021BA99192342BD00626A2C /* GLProject.h */,
				0021BA9A192342BD00626A2C /* GLProject.m */,
				0021BA9B192342BD00626A2C /* GLSnippet.h */,
				0021BA9C192342BD00626A2C /* GLSnippet.m */,
				0021BA9D192342BD00626A2C /* GLTag.h */,
				0021BA9E192342BD00626A2C /* GLTag.m */,
				0021BA9F192342BD00626A2C /* GLUser.h */,
				0021BAA0192342BD00626A2C /* GLUser.m */,
			);
			path = models;
			sourceTree = "<group>";
		};
		0021BAA2192342BD00626A2C /* utilities */ = {
			isa = PBXGroup;
			children = (
				0021BAA3192342BD00626A2C /* GLConstants.h */,
				0021BAA4192342BD00626A2C /* GLConstants.m */,
				0021BAA5192342BD00626A2C /* GLGitlabApi+Commits.h */,
				0021BAA6192342BD00626A2C /* GLGitlabApi+Commits.m */,
				00B7594C196BE989009C9C58 /* GLGitLabApi+Events.h */,
				00B7594D196BE989009C9C58 /* GLGitLabApi+Events.m */,
				0021BAA7192342BD00626A2C /* GLGitlabApi+Files.h */,
				0021BAA8192342BD00626A2C /* GLGitlabApi+Files.m */,
				0021BAA9192342BD00626A2C /* GLGitlabApi+Groups.h */,
				0021BAAA192342BD00626A2C /* GLGitlabApi+Groups.m */,
				0021BAAB192342BD00626A2C /* GLGitlabApi+Issues.h */,
				0021BAAC192342BD00626A2C /* GLGitlabApi+Issues.m */,
				0021BAAD192342BD00626A2C /* GLGitlabApi+MergeRequest.h */,
				0021BAAE192342BD00626A2C /* GLGitlabApi+MergeRequest.m */,
				0021BAAF192342BD00626A2C /* GLGitlabApi+Milestones.h */,
				0021BAB0192342BD00626A2C /* GLGitlabApi+Milestones.m */,
				0021BAB1192342BD00626A2C /* GLGitlabApi+Notes.h */,
				0021BAB2192342BD00626A2C /* GLGitlabApi+Notes.m */,
				0021BAB3192342BD00626A2C /* GLGitlabApi+Projects.h */,
				0021BAB4192342BD00626A2C /* GLGitlabApi+Projects.m */,
				0021BAB5192342BD00626A2C /* GLGitlabApi+Repositories.h */,
				0021BAB6192342BD00626A2C /* GLGitlabApi+Repositories.m */,
				0021BAB7192342BD00626A2C /* GLGitlabApi+Session.h */,
				0021BAB8192342BD00626A2C /* GLGitlabApi+Session.m */,
				0021BAB9192342BD00626A2C /* GLGitlabApi+Snippets.h */,
				0021BABA192342BD00626A2C /* GLGitlabApi+Snippets.m */,
				0021BABB192342BD00626A2C /* GLGitlabApi+Users.h */,
				0021BABC192342BD00626A2C /* GLGitlabApi+Users.m */,
				0021BABD192342BD00626A2C /* GLGitlabApi.h */,
				0021BABE192342BD00626A2C /* GLGitlabApi.m */,
				0021BABF192342BD00626A2C /* GLJsonNetworkOperation.h */,
				0021BAC0192342BD00626A2C /* GLJsonNetworkOperation.m */,
				0021BAC1192342BD00626A2C /* GLNetworkOperation.h */,
				0021BAC2192342BD00626A2C /* GLNetworkOperation.m */,
				0021BAC3192342BD00626A2C /* GLRawNetworkOperation.h */,
				0021BAC4192342BD00626A2C /* GLRawNetworkOperation.m */,
				0021BAC5192342BD00626A2C /* GLVoidNetworkOperation.h */,
				0021BAC6192342BD00626A2C /* GLVoidNetworkOperation.m */,
				0021BAC7192342BD00626A2C /* NSURL+GLAdditions.h */,
				0021BAC8192342BD00626A2C /* NSURL+GLAdditions.m */,
				0021BAC9192342BD00626A2C /* private */,
			);
			path = utilities;
			sourceTree = "<group>";
		};
		0021BAC9192342BD00626A2C /* private */ = {
			isa = PBXGroup;
			children = (
				0021BACA192342BD00626A2C /* GLGitlabApi+Private.h */,
				0021BACB192342BD00626A2C /* GLGitlabApi+Private.m */,
			);
			path = private;
			sourceTree = "<group>";
		};
		006391C41987924100689FAD /* Login */ = {
			isa = PBXGroup;
			children = (
				00B01FE719221EB40095D488 /* User.h */,
				00B01FE819221EB40095D488 /* User.m */,
				009018C51921D1B90050197D /* LoginViewController.h */,
				009018C61921D1B90050197D /* LoginViewController.m */,
			);
			name = Login;
			sourceTree = "<group>";
		};
		00760B6819767BDA00C88C6F /* SDWebImage */ = {
			isa = PBXGroup;
			children = (
				00760B6F19767BDA00C88C6F /* SDWebImageCompat.h */,
				00760B7019767BDA00C88C6F /* SDWebImageCompat.m */,
				00760B7919767BDA00C88C6F /* SDWebImageOperation.h */,
				00760B9A19767C3900C88C6F /* Downloader */,
				00760B9C19767C6500C88C6F /* Cache */,
				00760B9D19767CA400C88C6F /* Utils */,
				00760B9E19767CF600C88C6F /* Categories */,
			);
			path = SDWebImage;
			sourceTree = "<group>";
		};
		00760B9A19767C3900C88C6F /* Downloader */ = {
			isa = PBXGroup;
			children = (
				00760B7319767BDA00C88C6F /* SDWebImageDownloader.h */,
				00760B7419767BDA00C88C6F /* SDWebImageDownloader.m */,
				00760B7519767BDA00C88C6F /* SDWebImageDownloaderOperation.h */,
				00760B7619767BDA00C88C6F /* SDWebImageDownloaderOperation.m */,
			);
			name = Downloader;
			sourceTree = "<group>";
		};
		00760B9C19767C6500C88C6F /* Cache */ = {
			isa = PBXGroup;
			children = (
				00760B6D19767BDA00C88C6F /* SDImageCache.h */,
				00760B6E19767BDA00C88C6F /* SDImageCache.m */,
			);
			name = Cache;
			sourceTree = "<group>";
		};
		00760B9D19767CA400C88C6F /* Utils */ = {
			isa = PBXGroup;
			children = (
				00760B7719767BDA00C88C6F /* SDWebImageManager.h */,
				00760B7819767BDA00C88C6F /* SDWebImageManager.m */,
				00760B7119767BDA00C88C6F /* SDWebImageDecoder.h */,
				00760B7219767BDA00C88C6F /* SDWebImageDecoder.m */,
				00760B7A19767BDA00C88C6F /* SDWebImagePrefetcher.h */,
				00760B7B19767BDA00C88C6F /* SDWebImagePrefetcher.m */,
			);
			name = Utils;
			sourceTree = "<group>";
		};
		00760B9E19767CF600C88C6F /* Categories */ = {
			isa = PBXGroup;
			children = (
				00760B6919767BDA00C88C6F /* MKAnnotationView+WebCache.h */,
				00760B6A19767BDA00C88C6F /* MKAnnotationView+WebCache.m */,
				00760B6B19767BDA00C88C6F /* NSData+ImageContentType.h */,
				00760B6C19767BDA00C88C6F /* NSData+ImageContentType.m */,
				00760B7C19767BDA00C88C6F /* UIButton+WebCache.h */,
				00760B7D19767BDA00C88C6F /* UIButton+WebCache.m */,
				00760B7E19767BDA00C88C6F /* UIImage+GIF.h */,
				00760B7F19767BDA00C88C6F /* UIImage+GIF.m */,
				00760B8019767BDA00C88C6F /* UIImage+MultiFormat.h */,
				00760B8119767BDA00C88C6F /* UIImage+MultiFormat.m */,
				00760B8219767BDA00C88C6F /* UIImage+WebP.h */,
				00760B8319767BDA00C88C6F /* UIImage+WebP.m */,
				00760B8419767BDA00C88C6F /* UIImageView+HighlightedWebCache.h */,
				00760B8519767BDA00C88C6F /* UIImageView+HighlightedWebCache.m */,
				00760B8619767BDA00C88C6F /* UIImageView+WebCache.h */,
				00760B8719767BDA00C88C6F /* UIImageView+WebCache.m */,
				00760B8819767BDA00C88C6F /* UIView+WebCacheOperation.h */,
				00760B8919767BDA00C88C6F /* UIView+WebCacheOperation.m */,
			);
			name = Categories;
			sourceTree = "<group>";
		};
		00B7595D196CE575009C9C58 /* Events */ = {
			isa = PBXGroup;
			children = (
				00B7595A196C065E009C9C58 /* Event.h */,
				00B7595B196C065E009C9C58 /* Event.m */,
				00B75952196BEB6F009C9C58 /* EventCell.h */,
				00B75953196BEB6F009C9C58 /* EventCell.m */,
				00B75955196BEB90009C9C58 /* EventsView.h */,
				00B75956196BEB90009C9C58 /* EventsView.m */,
			);
			name = Events;
			sourceTree = "<group>";
		};
		00B7595F196CE5DA009C9C58 /* Files */ = {
			isa = PBXGroup;
			children = (
				00C3A4161962AABB002A34AB /* FilesTableController.h */,
				00C3A4171962AABC002A34AB /* FilesTableController.m */,
				00C3A4191962BC5C002A34AB /* FileCell.h */,
				00C3A41A1962BC5D002A34AB /* FileCell.m */,
				00C7C677196A85B70006B2E4 /* FileContentView.h */,
				00C7C678196A85B70006B2E4 /* FileContentView.m */,
			);
			name = Files;
			sourceTree = "<group>";
		};
		00B75960196CE5EB009C9C58 /* Projects */ = {
			isa = PBXGroup;
			children = (
				0087828819583E7D003F331C /* Project.h */,
				0087828919583E7D003F331C /* Project.m */,
				00C3A40D196113E7002A34AB /* ProjectsViewController.h */,
				00C3A40E196113E7002A34AB /* ProjectsViewController.m */,
				00C3A4131961538B002A34AB /* ProjectsTableController.h */,
				00C3A4141961538B002A34AB /* ProjectsTableController.m */,
				00C3A42019639F8D002A34AB /* ProjectCell.h */,
				00C3A42119639F8D002A34AB /* ProjectCell.m */,
				006391C51988848800689FAD /* ProjectDetailsView.h */,
				006391C61988848800689FAD /* ProjectDetailsView.m */,
			);
			name = Projects;
			sourceTree = "<group>";
		};
		00D4ED13196E71E700F3A4A5 /* RTLabel */ = {
			isa = PBXGroup;
			children = (
				00D4ED18196E71E700F3A4A5 /* RTLabel.h */,
				00D4ED19196E71E700F3A4A5 /* RTLabel.m */,
			);
			name = RTLabel;
			path = Classes;
			sourceTree = "<group>";
		};
		00D4ED20196F97CF00F3A4A5 /* Issues */ = {
			isa = PBXGroup;
			children = (
				00D4ED21196F97FE00F3A4A5 /* Issue.h */,
				00D4ED22196F97FE00F3A4A5 /* Issue.m */,
				00D4ED24196F9B9900F3A4A5 /* IssueCell.h */,
				00D4ED25196F9B9900F3A4A5 /* IssueCell.m */,
				00D4ED27196F9BCA00F3A4A5 /* IssuesView.h */,
				00D4ED28196F9BCA00F3A4A5 /* IssuesView.m */,
			);
			name = Issues;
			sourceTree = "<group>";
		};
		00D4ED2D196FF83100F3A4A5 /* Notes */ = {
			isa = PBXGroup;
			children = (
				00D4ED2A196FF5C500F3A4A5 /* Note.h */,
				00D4ED2B196FF5C500F3A4A5 /* Note.m */,
				00D4ED2E196FF85E00F3A4A5 /* NoteCell.h */,
				00D4ED2F196FF85E00F3A4A5 /* NoteCell.m */,
				00D4ED32196FF88300F3A4A5 /* NotesView.h */,
				00D4ED33196FF88300F3A4A5 /* NotesView.m */,
				00760B5F1973BF6600C88C6F /* NoteEditingView.h */,
				00760B601973BF6600C88C6F /* NoteEditingView.m */,
			);
			name = Notes;
			sourceTree = "<group>";
		};
/* End PBXGroup section */

/* Begin PBXNativeTarget section */
		0002D2451916324B001FDED8 /* iOS-git-osc */ = {
			isa = PBXNativeTarget;
			buildConfigurationList = 0002D2781916324B001FDED8 /* Build configuration list for PBXNativeTarget "iOS-git-osc" */;
			buildPhases = (
				0002D2421916324B001FDED8 /* Sources */,
				0002D2431916324B001FDED8 /* Frameworks */,
				0002D2441916324B001FDED8 /* Resources */,
			);
			buildRules = (
			);
			dependencies = (
			);
			name = "iOS-git-osc";
			productName = "iOS-git-osc";
			productReference = 0002D2461916324B001FDED8 /* iOS-git-osc.app */;
			productType = "com.apple.product-type.application";
		};
		0002D2661916324B001FDED8 /* iOS-git-oscTests */ = {
			isa = PBXNativeTarget;
			buildConfigurationList = 0002D27B1916324B001FDED8 /* Build configuration list for PBXNativeTarget "iOS-git-oscTests" */;
			buildPhases = (
				0002D2631916324B001FDED8 /* Sources */,
				0002D2641916324B001FDED8 /* Frameworks */,
				0002D2651916324B001FDED8 /* Resources */,
			);
			buildRules = (
			);
			dependencies = (
				0002D26D1916324B001FDED8 /* PBXTargetDependency */,
			);
			name = "iOS-git-oscTests";
			productName = "iOS-git-oscTests";
			productReference = 0002D2671916324B001FDED8 /* iOS-git-oscTests.xctest */;
			productType = "com.apple.product-type.bundle.unit-test";
		};
/* End PBXNativeTarget section */

/* Begin PBXProject section */
		0002D23E1916324B001FDED8 /* Project object */ = {
			isa = PBXProject;
			attributes = {
				LastUpgradeCheck = 0510;
				ORGANIZATIONNAME = chenhaoxiang;
				TargetAttributes = {
					0002D2661916324B001FDED8 = {
						TestTargetID = 0002D2451916324B001FDED8;
					};
				};
			};
			buildConfigurationList = 0002D2411916324B001FDED8 /* Build configuration list for PBXProject "iOS-git-osc" */;
			compatibilityVersion = "Xcode 3.2";
			developmentRegion = English;
			hasScannedForEncodings = 0;
			knownRegions = (
				en,
				Base,
			);
			mainGroup = 0002D23D1916324B001FDED8;
			productRefGroup = 0002D2471916324B001FDED8 /* Products */;
			projectDirPath = "";
			projectRoot = "";
			targets = (
				0002D2451916324B001FDED8 /* iOS-git-osc */,
				0002D2661916324B001FDED8 /* iOS-git-oscTests */,
			);
		};
/* End PBXProject section */

/* Begin PBXResourcesBuildPhase section */
		0002D2441916324B001FDED8 /* Resources */ = {
			isa = PBXResourcesBuildPhase;
			buildActionMask = 2147483647;
			files = (
				00C408F21959CDFA001073BF /* language@2x.png in Resources */,
				00C408F31959CDFA001073BF /* star2@2x.png in Resources */,
				00C3A41E1962BD55002A34AB /* file@2x.png in Resources */,
				00C3A41F1962BD55002A34AB /* folder@2x.png in Resources */,
				0002D2E219188B4E001FDED8 /* three_lines.png in Resources */,
				0062237D1963F30D00454CB9 /* back@2x.png in Resources */,
				0002D2E519188B8A001FDED8 /* Balloon@2x.png in Resources */,
				00C408F11959CDFA001073BF /* fork@2x.png in Resources */,
				0002D2E319188B4E001FDED8 /* three_lines@2x.png in Resources */,
				0002D2D719188953001FDED8 /* Images.xcassets in Resources */,
				0002D2E119188B4E001FDED8 /* avatar@2x.jpg in Resources */,
				0002D2541916324B001FDED8 /* InfoPlist.strings in Resources */,
			);
			runOnlyForDeploymentPostprocessing = 0;
		};
		0002D2651916324B001FDED8 /* Resources */ = {
			isa = PBXResourcesBuildPhase;
			buildActionMask = 2147483647;
			files = (
			);
			runOnlyForDeploymentPostprocessing = 0;
		};
/* End PBXResourcesBuildPhase section */

/* Begin PBXSourcesBuildPhase section */
		0002D2421916324B001FDED8 /* Sources */ = {
			isa = PBXSourcesBuildPhase;
			buildActionMask = 2147483647;
			files = (
				00C3A41B1962BC5D002A34AB /* FileCell.m in Sources */,
				00760B9219767BDB00C88C6F /* SDWebImagePrefetcher.m in Sources */,
				00B01FE919221EB40095D488 /* User.m in Sources */,
				00B7594E196BE989009C9C58 /* GLGitLabApi+Events.m in Sources */,
				0021BAE6192342BD00626A2C /* GLGitlabApi+Session.m in Sources */,
				0002D2B719163DF6001FDED8 /* UIViewController+REFrostedViewController.m in Sources */,
				00D4ED26196F9B9900F3A4A5 /* IssueCell.m in Sources */,
				0021BAEB192342BD00626A2C /* GLNetworkOperation.m in Sources */,
				00760B8D19767BDB00C88C6F /* SDWebImageCompat.m in Sources */,
				0021BADD192342BD00626A2C /* GLGitlabApi+Commits.m in Sources */,
				00D4ED23196F97FE00F3A4A5 /* Issue.m in Sources */,
				0021BAEF192342BD00626A2C /* GLGitlabApi+Private.m in Sources */,
				00D4ED30196FF85E00F3A4A5 /* NoteCell.m in Sources */,
				00760B8E19767BDB00C88C6F /* SDWebImageDecoder.m in Sources */,
				009018C71921D1B90050197D /* LoginViewController.m in Sources */,
				006391C71988848800689FAD /* ProjectDetailsView.m in Sources */,
				00760B611973BF6600C88C6F /* NoteEditingView.m in Sources */,
				00760B9419767BDB00C88C6F /* UIImage+GIF.m in Sources */,
				0002D2B619163DF6001FDED8 /* UIView+REFrostedViewController.m in Sources */,
				00C3A42219639F8D002A34AB /* ProjectCell.m in Sources */,
				0021BAE7192342BD00626A2C /* GLGitlabApi+Snippets.m in Sources */,
				0021BAE9192342BD00626A2C /* GLGitlabApi.m in Sources */,
				00760B8A19767BDA00C88C6F /* MKAnnotationView+WebCache.m in Sources */,
				0002D2B319163DF6001FDED8 /* REFrostedContainerViewController.m in Sources */,
				0021BADA192342BD00626A2C /* GLTag.m in Sources */,
				00760B9819767BDB00C88C6F /* UIImageView+WebCache.m in Sources */,
				0002D2BB191640B4001FDED8 /* HomeViewController.m in Sources */,
				0021BADF192342BD00626A2C /* GLGitlabApi+Groups.m in Sources */,
				00760B9119767BDB00C88C6F /* SDWebImageManager.m in Sources */,
				0021BAF7192360A100626A2C /* SSKeychain.m in Sources */,
				0002D2B519163DF6001FDED8 /* UIImage+REFrostedViewController.m in Sources */,
				0021BAE2192342BD00626A2C /* GLGitlabApi+Milestones.m in Sources */,
				0021BADE192342BD00626A2C /* GLGitlabApi+Files.m in Sources */,
				0002D25A1916324B001FDED8 /* AppDelegate.m in Sources */,
				00760B8B19767BDB00C88C6F /* NSData+ImageContentType.m in Sources */,
				0021BAEA192342BD00626A2C /* GLJsonNetworkOperation.m in Sources */,
				00C7C679196A85B70006B2E4 /* FileContentView.m in Sources */,
				0021BAE5192342BD00626A2C /* GLGitlabApi+Repositories.m in Sources */,
				0021BAD0192342BD00626A2C /* GLEvent.m in Sources */,
				0041FA9B191C87AF00E1F237 /* Tools.m in Sources */,
				0021BADC192342BD00626A2C /* GLConstants.m in Sources */,
				00C3A4181962AABC002A34AB /* FilesTableController.m in Sources */,
				0002D2561916324B001FDED8 /* main.m in Sources */,
				00D4ED29196F9BCA00F3A4A5 /* IssuesView.m in Sources */,
				0021BAD2192342BD00626A2C /* GLGroup.m in Sources */,
				0021BADB192342BD00626A2C /* GLUser.m in Sources */,
				00D4ED2C196FF5C500F3A4A5 /* Note.m in Sources */,
				0021BAD5192342BD00626A2C /* GLMilestone.m in Sources */,
				00D4ED34196FF88300F3A4A5 /* NotesView.m in Sources */,
				0002D2B219163DF6001FDED8 /* RECommonFunctions.m in Sources */,
				00760B9519767BDB00C88C6F /* UIImage+MultiFormat.m in Sources */,
				0002D2C119164B02001FDED8 /* NavigationController.m in Sources */,
				00B75957196BEB90009C9C58 /* EventsView.m in Sources */,
				00760B8F19767BDB00C88C6F /* SDWebImageDownloader.m in Sources */,
				0021BAEE192342BD00626A2C /* NSURL+GLAdditions.m in Sources */,
				0021BAD8192342BD00626A2C /* GLProject.m in Sources */,
				00760B9319767BDB00C88C6F /* UIButton+WebCache.m in Sources */,
				0021BAE8192342BD00626A2C /* GLGitlabApi+Users.m in Sources */,
				0021BAD6192342BD00626A2C /* GLNamespace.m in Sources */,
				00C3A40F196113E7002A34AB /* ProjectsViewController.m in Sources */,
				0021BACE192342BD00626A2C /* GLCommit.m in Sources */,
				00760B9019767BDB00C88C6F /* SDWebImageDownloaderOperation.m in Sources */,
				0021BAE4192342BD00626A2C /* GLGitlabApi+Projects.m in Sources */,
				0021BACF192342BD00626A2C /* GLDiff.m in Sources */,
				0021BAE0192342BD00626A2C /* GLGitlabApi+Issues.m in Sources */,
				0087828A19583E7D003F331C /* Project.m in Sources */,
				00760B8C19767BDB00C88C6F /* SDImageCache.m in Sources */,
				0002D2BE19164716001FDED8 /* MenuViewController.m in Sources */,
				0021BAD9192342BD00626A2C /* GLSnippet.m in Sources */,
				00760B9619767BDB00C88C6F /* UIImage+WebP.m in Sources */,
				00760B9719767BDB00C88C6F /* UIImageView+HighlightedWebCache.m in Sources */,
				00B7595C196C065E009C9C58 /* Event.m in Sources */,
				0021BAE3192342BD00626A2C /* GLGitlabApi+Notes.m in Sources */,
				0021BACC192342BD00626A2C /* GLBaseObject.m in Sources */,
				0021BAD4192342BD00626A2C /* GLMergeRequest.m in Sources */,
				0021BAD1192342BD00626A2C /* GLFile.m in Sources */,
				0021BAD3192342BD00626A2C /* GLIssue.m in Sources */,
				0021BAD7192342BD00626A2C /* GLNote.m in Sources */,
				00C3A4151961538B002A34AB /* ProjectsTableController.m in Sources */,
				00B75954196BEB6F009C9C58 /* EventCell.m in Sources */,
				0021BAE1192342BD00626A2C /* GLGitlabApi+MergeRequest.m in Sources */,
				0021BAED192342BD00626A2C /* GLVoidNetworkOperation.m in Sources */,
				0002D2B419163DF6001FDED8 /* REFrostedViewController.m in Sources */,
				00D4ED1E196E71E700F3A4A5 /* RTLabel.m in Sources */,
				0021BAEC192342BD00626A2C /* GLRawNetworkOperation.m in Sources */,
				00541C0A196684AB002EC356 /* GLBlob.m in Sources */,
				00760B9919767BDB00C88C6F /* UIView+WebCacheOperation.m in Sources */,
				0021BACD192342BD00626A2C /* GLBranch.m in Sources */,
			);
			runOnlyForDeploymentPostprocessing = 0;
		};
		0002D2631916324B001FDED8 /* Sources */ = {
			isa = PBXSourcesBuildPhase;
			buildActionMask = 2147483647;
			files = (
			);
			runOnlyForDeploymentPostprocessing = 0;
		};
/* End PBXSourcesBuildPhase section */

/* Begin PBXTargetDependency section */
		0002D26D1916324B001FDED8 /* PBXTargetDependency */ = {
			isa = PBXTargetDependency;
			target = 0002D2451916324B001FDED8 /* iOS-git-osc */;
			targetProxy = 0002D26C1916324B001FDED8 /* PBXContainerItemProxy */;
		};
/* End PBXTargetDependency section */

/* Begin PBXVariantGroup section */
		0002D2521916324B001FDED8 /* InfoPlist.strings */ = {
			isa = PBXVariantGroup;
			children = (
				0002D2531916324B001FDED8 /* en */,
			);
			name = InfoPlist.strings;
			sourceTree = "<group>";
		};
/* End PBXVariantGroup section */

/* Begin XCBuildConfiguration section */
		0002D2761916324B001FDED8 /* Debug */ = {
			isa = XCBuildConfiguration;
			buildSettings = {
				ALWAYS_SEARCH_USER_PATHS = NO;
				CLANG_CXX_LANGUAGE_STANDARD = "gnu++0x";
				CLANG_CXX_LIBRARY = "libc++";
				CLANG_ENABLE_MODULES = YES;
				CLANG_ENABLE_OBJC_ARC = YES;
				CLANG_WARN_BOOL_CONVERSION = YES;
				CLANG_WARN_CONSTANT_CONVERSION = YES;
				CLANG_WARN_DIRECT_OBJC_ISA_USAGE = YES_ERROR;
				CLANG_WARN_EMPTY_BODY = YES;
				CLANG_WARN_ENUM_CONVERSION = YES;
				CLANG_WARN_INT_CONVERSION = YES;
				CLANG_WARN_OBJC_ROOT_CLASS = YES_ERROR;
				CLANG_WARN__DUPLICATE_METHOD_MATCH = YES;
				"CODE_SIGN_IDENTITY[sdk=iphoneos*]" = "iPhone Developer";
				COPY_PHASE_STRIP = NO;
				GCC_C_LANGUAGE_STANDARD = gnu99;
				GCC_DYNAMIC_NO_PIC = NO;
				GCC_OPTIMIZATION_LEVEL = 0;
				GCC_PREPROCESSOR_DEFINITIONS = (
					"DEBUG=1",
					"$(inherited)",
				);
				GCC_SYMBOLS_PRIVATE_EXTERN = NO;
				GCC_WARN_64_TO_32_BIT_CONVERSION = YES;
				GCC_WARN_ABOUT_RETURN_TYPE = YES_ERROR;
				GCC_WARN_UNDECLARED_SELECTOR = YES;
				GCC_WARN_UNINITIALIZED_AUTOS = YES_AGGRESSIVE;
				GCC_WARN_UNUSED_FUNCTION = YES;
				GCC_WARN_UNUSED_VARIABLE = YES;
				IPHONEOS_DEPLOYMENT_TARGET = 7.1;
				ONLY_ACTIVE_ARCH = YES;
				SDKROOT = iphoneos;
			};
			name = Debug;
		};
		0002D2771916324B001FDED8 /* Release */ = {
			isa = XCBuildConfiguration;
			buildSettings = {
				ALWAYS_SEARCH_USER_PATHS = NO;
				CLANG_CXX_LANGUAGE_STANDARD = "gnu++0x";
				CLANG_CXX_LIBRARY = "libc++";
				CLANG_ENABLE_MODULES = YES;
				CLANG_ENABLE_OBJC_ARC = YES;
				CLANG_WARN_BOOL_CONVERSION = YES;
				CLANG_WARN_CONSTANT_CONVERSION = YES;
				CLANG_WARN_DIRECT_OBJC_ISA_USAGE = YES_ERROR;
				CLANG_WARN_EMPTY_BODY = YES;
				CLANG_WARN_ENUM_CONVERSION = YES;
				CLANG_WARN_INT_CONVERSION = YES;
				CLANG_WARN_OBJC_ROOT_CLASS = YES_ERROR;
				CLANG_WARN__DUPLICATE_METHOD_MATCH = YES;
				"CODE_SIGN_IDENTITY[sdk=iphoneos*]" = "iPhone Developer";
				COPY_PHASE_STRIP = YES;
				ENABLE_NS_ASSERTIONS = NO;
				GCC_C_LANGUAGE_STANDARD = gnu99;
				GCC_WARN_64_TO_32_BIT_CONVERSION = YES;
				GCC_WARN_ABOUT_RETURN_TYPE = YES_ERROR;
				GCC_WARN_UNDECLARED_SELECTOR = YES;
				GCC_WARN_UNINITIALIZED_AUTOS = YES_AGGRESSIVE;
				GCC_WARN_UNUSED_FUNCTION = YES;
				GCC_WARN_UNUSED_VARIABLE = YES;
				IPHONEOS_DEPLOYMENT_TARGET = 7.1;
				SDKROOT = iphoneos;
				VALIDATE_PRODUCT = YES;
			};
			name = Release;
		};
		0002D2791916324B001FDED8 /* Debug */ = {
			isa = XCBuildConfiguration;
			buildSettings = {
				ASSETCATALOG_COMPILER_APPICON_NAME = AppIcon;
				ASSETCATALOG_COMPILER_LAUNCHIMAGE_NAME = LaunchImage;
				FRAMEWORK_SEARCH_PATHS = (
					"$(inherited)",
					"$(PROJECT_DIR)",
					"/Users/chenhaoxiang/Desktop/Objective-C",
				);
				GCC_PRECOMPILE_PREFIX_HEADER = YES;
				GCC_PREFIX_HEADER = "iOS-git-osc/iOS-git-osc-Prefix.pch";
				HEADER_SEARCH_PATHS = (
					"$(inherited)",
					/Applications/Xcode.app/Contents/Developer/Toolchains/XcodeDefault.xctoolchain/usr/include,
				);
				INFOPLIST_FILE = "iOS-git-osc/iOS-git-osc-Info.plist";
				IPHONEOS_DEPLOYMENT_TARGET = 6.0;
				OTHER_LDFLAGS = "-ObjC";
				PRODUCT_NAME = "$(TARGET_NAME)";
				WRAPPER_EXTENSION = app;
			};
			name = Debug;
		};
		0002D27A1916324B001FDED8 /* Release */ = {
			isa = XCBuildConfiguration;
			buildSettings = {
				ASSETCATALOG_COMPILER_APPICON_NAME = AppIcon;
				ASSETCATALOG_COMPILER_LAUNCHIMAGE_NAME = LaunchImage;
				FRAMEWORK_SEARCH_PATHS = (
					"$(inherited)",
					"$(PROJECT_DIR)",
					"/Users/chenhaoxiang/Desktop/Objective-C",
				);
				GCC_PRECOMPILE_PREFIX_HEADER = YES;
				GCC_PREFIX_HEADER = "iOS-git-osc/iOS-git-osc-Prefix.pch";
				HEADER_SEARCH_PATHS = (
					"$(inherited)",
					/Applications/Xcode.app/Contents/Developer/Toolchains/XcodeDefault.xctoolchain/usr/include,
				);
				INFOPLIST_FILE = "iOS-git-osc/iOS-git-osc-Info.plist";
				IPHONEOS_DEPLOYMENT_TARGET = 6.0;
				OTHER_LDFLAGS = "-ObjC";
				PRODUCT_NAME = "$(TARGET_NAME)";
				WRAPPER_EXTENSION = app;
			};
			name = Release;
		};
		0002D27C1916324B001FDED8 /* Debug */ = {
			isa = XCBuildConfiguration;
			buildSettings = {
				BUNDLE_LOADER = "$(BUILT_PRODUCTS_DIR)/iOS-git-osc.app/iOS-git-osc";
				FRAMEWORK_SEARCH_PATHS = (
					"$(SDKROOT)/Developer/Library/Frameworks",
					"$(inherited)",
					"$(DEVELOPER_FRAMEWORKS_DIR)",
				);
				GCC_PRECOMPILE_PREFIX_HEADER = YES;
				GCC_PREFIX_HEADER = "iOS-git-osc/iOS-git-osc-Prefix.pch";
				GCC_PREPROCESSOR_DEFINITIONS = (
					"DEBUG=1",
					"$(inherited)",
				);
				INFOPLIST_FILE = "iOS-git-oscTests/iOS-git-oscTests-Info.plist";
				PRODUCT_NAME = "$(TARGET_NAME)";
				TEST_HOST = "$(BUNDLE_LOADER)";
				WRAPPER_EXTENSION = xctest;
			};
			name = Debug;
		};
		0002D27D1916324B001FDED8 /* Release */ = {
			isa = XCBuildConfiguration;
			buildSettings = {
				BUNDLE_LOADER = "$(BUILT_PRODUCTS_DIR)/iOS-git-osc.app/iOS-git-osc";
				FRAMEWORK_SEARCH_PATHS = (
					"$(SDKROOT)/Developer/Library/Frameworks",
					"$(inherited)",
					"$(DEVELOPER_FRAMEWORKS_DIR)",
				);
				GCC_PRECOMPILE_PREFIX_HEADER = YES;
				GCC_PREFIX_HEADER = "iOS-git-osc/iOS-git-osc-Prefix.pch";
				INFOPLIST_FILE = "iOS-git-oscTests/iOS-git-oscTests-Info.plist";
				PRODUCT_NAME = "$(TARGET_NAME)";
				TEST_HOST = "$(BUNDLE_LOADER)";
				WRAPPER_EXTENSION = xctest;
			};
			name = Release;
		};
/* End XCBuildConfiguration section */

/* Begin XCConfigurationList section */
		0002D2411916324B001FDED8 /* Build configuration list for PBXProject "iOS-git-osc" */ = {
			isa = XCConfigurationList;
			buildConfigurations = (
				0002D2761916324B001FDED8 /* Debug */,
				0002D2771916324B001FDED8 /* Release */,
			);
			defaultConfigurationIsVisible = 0;
			defaultConfigurationName = Release;
		};
		0002D2781916324B001FDED8 /* Build configuration list for PBXNativeTarget "iOS-git-osc" */ = {
			isa = XCConfigurationList;
			buildConfigurations = (
				0002D2791916324B001FDED8 /* Debug */,
				0002D27A1916324B001FDED8 /* Release */,
			);
			defaultConfigurationIsVisible = 0;
			defaultConfigurationName = Release;
		};
		0002D27B1916324B001FDED8 /* Build configuration list for PBXNativeTarget "iOS-git-oscTests" */ = {
			isa = XCConfigurationList;
			buildConfigurations = (
				0002D27C1916324B001FDED8 /* Debug */,
				0002D27D1916324B001FDED8 /* Release */,
			);
			defaultConfigurationIsVisible = 0;
			defaultConfigurationName = Release;
		};
/* End XCConfigurationList section */
	};
	rootObject = 0002D23E1916324B001FDED8 /* Project object */;
}
